// !$*UTF8*$!
{
	archiveVersion = 1;
	classes = {
	};
	objectVersion = 46;
	objects = {

/* Begin PBXBuildFile section */
		0419021F180082C500D79040 /* MyRoute.m in Sources */ = {isa = PBXBuildFile; fileRef = 0419021E180082C500D79040 /* MyRoute.m */; };
		041902481800C93C00D79040 /* backGroundMenu@2x.jpg in Resources */ = {isa = PBXBuildFile; fileRef = 041902241800C93C00D79040 /* backGroundMenu@2x.jpg */; };
		041902491800C93C00D79040 /* myDestinationButton@2x.png in Resources */ = {isa = PBXBuildFile; fileRef = 041902251800C93C00D79040 /* myDestinationButton@2x.png */; };
		0419024A1800C93C00D79040 /* myFavoriteButton@2x.png in Resources */ = {isa = PBXBuildFile; fileRef = 041902261800C93C00D79040 /* myFavoriteButton@2x.png */; };
		0419024B1800C93C00D79040 /* trackMyBusButton@2x.png in Resources */ = {isa = PBXBuildFile; fileRef = 041902271800C93C00D79040 /* trackMyBusButton@2x.png */; };
		0419024D1800C93C00D79040 /* Default-568h@2x.png in Resources */ = {isa = PBXBuildFile; fileRef = 0419022A1800C93C00D79040 /* Default-568h@2x.png */; };
		0419024E1800C93C00D79040 /* introImage1@2x.jpg in Resources */ = {isa = PBXBuildFile; fileRef = 0419022B1800C93C00D79040 /* introImage1@2x.jpg */; };
		0419024F1800C93C00D79040 /* introImage2@2x.jpg in Resources */ = {isa = PBXBuildFile; fileRef = 0419022C1800C93C00D79040 /* introImage2@2x.jpg */; };
		041902501800C93C00D79040 /* backGroundOnMyWay@2x.jpg in Resources */ = {isa = PBXBuildFile; fileRef = 0419022E1800C93C00D79040 /* backGroundOnMyWay@2x.jpg */; };
		041902511800C93C00D79040 /* downToUp@2x.png in Resources */ = {isa = PBXBuildFile; fileRef = 0419022F1800C93C00D79040 /* downToUp@2x.png */; };
		041902521800C93C00D79040 /* onMyWay@2x.png in Resources */ = {isa = PBXBuildFile; fileRef = 041902301800C93C00D79040 /* onMyWay@2x.png */; };
		041902531800C93C00D79040 /* sending1.png in Resources */ = {isa = PBXBuildFile; fileRef = 041902311800C93C00D79040 /* sending1.png */; };
		041902541800C93C00D79040 /* sending2.png in Resources */ = {isa = PBXBuildFile; fileRef = 041902321800C93C00D79040 /* sending2.png */; };
		041902551800C93C00D79040 /* sending3.png in Resources */ = {isa = PBXBuildFile; fileRef = 041902331800C93C00D79040 /* sending3.png */; };
		041902561800C93C00D79040 /* sending@2x.png in Resources */ = {isa = PBXBuildFile; fileRef = 041902341800C93C00D79040 /* sending@2x.png */; };
		041902571800C93C00D79040 /* backGroundTrack@2x.jpg in Resources */ = {isa = PBXBuildFile; fileRef = 041902361800C93C00D79040 /* backGroundTrack@2x.jpg */; };
		041902581800C93C00D79040 /* backGround@2x.jpg in Resources */ = {isa = PBXBuildFile; fileRef = 041902381800C93C00D79040 /* backGround@2x.jpg */; };
		0419025A1800C93C00D79040 /* cellBackGround@2x.png in Resources */ = {isa = PBXBuildFile; fileRef = 0419023A1800C93C00D79040 /* cellBackGround@2x.png */; };
		0419025B1800C93C00D79040 /* homeButton@2x.png in Resources */ = {isa = PBXBuildFile; fileRef = 0419023B1800C93C00D79040 /* homeButton@2x.png */; };
		0419025C1800C93C00D79040 /* homeButtonHighlighted@2x.png in Resources */ = {isa = PBXBuildFile; fileRef = 0419023C1800C93C00D79040 /* homeButtonHighlighted@2x.png */; };
		0419025F1800C93C00D79040 /* routeButton@2x.png in Resources */ = {isa = PBXBuildFile; fileRef = 041902401800C93C00D79040 /* routeButton@2x.png */; };
		041902601800C93C00D79040 /* routeButtonHighlighted@2x.png in Resources */ = {isa = PBXBuildFile; fileRef = 041902411800C93C00D79040 /* routeButtonHighlighted@2x.png */; };
		041902621800C93C00D79040 /* route@2x.png in Resources */ = {isa = PBXBuildFile; fileRef = 041902431800C93C00D79040 /* route@2x.png */; };
		041902631800C93C00D79040 /* submitButton@2x.png in Resources */ = {isa = PBXBuildFile; fileRef = 041902441800C93C00D79040 /* submitButton@2x.png */; };
		041902641800C93C00D79040 /* submitButtonHighlighted@2x.png in Resources */ = {isa = PBXBuildFile; fileRef = 041902451800C93C00D79040 /* submitButtonHighlighted@2x.png */; };
		041902681800CF6300D79040 /* aboutButton@2x.png in Resources */ = {isa = PBXBuildFile; fileRef = 041902651800CF6300D79040 /* aboutButton@2x.png */; };
		041902691800CF6300D79040 /* aboutButtonHighlighted@2x.png in Resources */ = {isa = PBXBuildFile; fileRef = 041902661800CF6300D79040 /* aboutButtonHighlighted@2x.png */; };
		0419026A1800CF6300D79040 /* aboutScreen@2x.jpg in Resources */ = {isa = PBXBuildFile; fileRef = 041902671800CF6300D79040 /* aboutScreen@2x.jpg */; };
		0419026C1800D07700D79040 /* AboutScreen.xib in Resources */ = {isa = PBXBuildFile; fileRef = 0419026B1800D07700D79040 /* AboutScreen.xib */; };
		041902701800E14500D79040 /* upToDownButton@2x.png in Resources */ = {isa = PBXBuildFile; fileRef = 0419026F1800E14500D79040 /* upToDownButton@2x.png */; };
		041902731800F40700D79040 /* TLTransitionAnimator.m in Sources */ = {isa = PBXBuildFile; fileRef = 041902721800F40700D79040 /* TLTransitionAnimator.m */; };
		041902761800FD5700D79040 /* onMyWayButton@2x.png in Resources */ = {isa = PBXBuildFile; fileRef = 041902741800FD5700D79040 /* onMyWayButton@2x.png */; };
		041902771800FD5700D79040 /* onMyWayHighlighted@2x.png in Resources */ = {isa = PBXBuildFile; fileRef = 041902751800FD5700D79040 /* onMyWayHighlighted@2x.png */; };
		041915A517F72C9100E68CC2 /* DataModel.xcdatamodeld in Sources */ = {isa = PBXBuildFile; fileRef = 041915A317F72C9100E68CC2 /* DataModel.xcdatamodeld */; };
		041FACBA17FBA967004F21EF /* Routes.m in Sources */ = {isa = PBXBuildFile; fileRef = 041FACB917FBA967004F21EF /* Routes.m */; };
		0421091B1819C1AA004539B4 /* bus-number.png in Resources */ = {isa = PBXBuildFile; fileRef = 042109191819C1AA004539B4 /* bus-number.png */; };
		0421091C1819C1AA004539B4 /* bus-number@2x.png in Resources */ = {isa = PBXBuildFile; fileRef = 0421091A1819C1AA004539B4 /* bus-number@2x.png */; };
		0421091F1819FAA6004539B4 /* open-up-arrow.png in Resources */ = {isa = PBXBuildFile; fileRef = 0421091D1819FAA6004539B4 /* open-up-arrow.png */; };
		042109201819FAA6004539B4 /* open-up-arrow@2x.png in Resources */ = {isa = PBXBuildFile; fileRef = 0421091E1819FAA6004539B4 /* open-up-arrow@2x.png */; };
		042109251819FBE4004539B4 /* routes.png in Resources */ = {isa = PBXBuildFile; fileRef = 042109211819FBE4004539B4 /* routes.png */; };
		042109261819FBE4004539B4 /* routes@2x.png in Resources */ = {isa = PBXBuildFile; fileRef = 042109221819FBE4004539B4 /* routes@2x.png */; };
		042109271819FBE4004539B4 /* stops.png in Resources */ = {isa = PBXBuildFile; fileRef = 042109231819FBE4004539B4 /* stops.png */; };
		042109281819FBE4004539B4 /* stops@2x.png in Resources */ = {isa = PBXBuildFile; fileRef = 042109241819FBE4004539B4 /* stops@2x.png */; };
		0421092A181A043E004539B4 /* Stop@2x.png in Resources */ = {isa = PBXBuildFile; fileRef = 04210929181A043E004539B4 /* Stop@2x.png */; };
		0447EBDE17FA4A5B00A91D60 /* StopDisplayViewController.m in Sources */ = {isa = PBXBuildFile; fileRef = 0447EBDC17FA4A5B00A91D60 /* StopDisplayViewController.m */; };
		0447EBDF17FA4A5B00A91D60 /* StopDisplayViewController.xib in Resources */ = {isa = PBXBuildFile; fileRef = 0447EBDD17FA4A5B00A91D60 /* StopDisplayViewController.xib */; };
		0447EBE217FA514300A91D60 /* TableCell.xib in Resources */ = {isa = PBXBuildFile; fileRef = 0447EBE117FA514300A91D60 /* TableCell.xib */; };
		0447EBE617FA519600A91D60 /* TableCell.m in Sources */ = {isa = PBXBuildFile; fileRef = 0447EBE517FA519600A91D60 /* TableCell.m */; };
		04602CE017EF6BBB002BE30D /* Reachability.m in Sources */ = {isa = PBXBuildFile; fileRef = 04602CDF17EF6BBB002BE30D /* Reachability.m */; };
		04602CE217EF6C2E002BE30D /* SystemConfiguration.framework in Frameworks */ = {isa = PBXBuildFile; fileRef = 04602CE117EF6C2E002BE30D /* SystemConfiguration.framework */; };
		04602CE617EF809E002BE30D /* LoadingScreenViewController.m in Sources */ = {isa = PBXBuildFile; fileRef = 04602CE417EF809E002BE30D /* LoadingScreenViewController.m */; };
		04602CE717EF809E002BE30D /* LoadingScreenViewController.xib in Resources */ = {isa = PBXBuildFile; fileRef = 04602CE517EF809E002BE30D /* LoadingScreenViewController.xib */; };
		04602CF217EFCE0D002BE30D /* FavoritesViewController.m in Sources */ = {isa = PBXBuildFile; fileRef = 04602CF117EFCE0D002BE30D /* FavoritesViewController.m */; };
		047443F517F74EBB00436B4B /* CoreData.framework in Frameworks */ = {isa = PBXBuildFile; fileRef = 047443F417F74EBB00436B4B /* CoreData.framework */; };
		04785CDE180F48940024A61B /* MenuViewControllerSmall.xib in Resources */ = {isa = PBXBuildFile; fileRef = 04785CDD180F48940024A61B /* MenuViewControllerSmall.xib */; };
		04785CE0180F4D5F0024A61B /* FavoritesViewControllerSmall.xib in Resources */ = {isa = PBXBuildFile; fileRef = 04785CDF180F4D5F0024A61B /* FavoritesViewControllerSmall.xib */; };
		04785CE2180F4E4D0024A61B /* MapViewControllerSmall.xib in Resources */ = {isa = PBXBuildFile; fileRef = 04785CE1180F4E4D0024A61B /* MapViewControllerSmall.xib */; };
		04785CE4180F51E10024A61B /* RoutesViewControllerSmall.xib in Resources */ = {isa = PBXBuildFile; fileRef = 04785CE3180F51E10024A61B /* RoutesViewControllerSmall.xib */; };
		04785CE6180F54060024A61B /* TrackViewControllerSmall.xib in Resources */ = {isa = PBXBuildFile; fileRef = 04785CE5180F54060024A61B /* TrackViewControllerSmall.xib */; };
		04785CE8180F5DA20024A61B /* LoadingScreenViewControllerSmall.xib in Resources */ = {isa = PBXBuildFile; fileRef = 04785CE7180F5DA20024A61B /* LoadingScreenViewControllerSmall.xib */; };
		04785CEA180F5E0B0024A61B /* AboutScreenSmall.xib in Resources */ = {isa = PBXBuildFile; fileRef = 04785CE9180F5E0B0024A61B /* AboutScreenSmall.xib */; };
		048F13A917ED10E90011ABC7 /* BusRouteViewCell.m in Sources */ = {isa = PBXBuildFile; fileRef = 048F13A817ED10E90011ABC7 /* BusRouteViewCell.m */; };
		048F13AD17ED19AA0011ABC7 /* BusRouteViewCell.xib in Resources */ = {isa = PBXBuildFile; fileRef = 048F13AC17ED19AA0011ABC7 /* BusRouteViewCell.xib */; };
		0492BBFC180E153600914847 /* busStop@2x.png in Resources */ = {isa = PBXBuildFile; fileRef = 0492BBFB180E153600914847 /* busStop@2x.png */; };
		04B9202417F396C50063E384 /* WebApiInterface.m in Sources */ = {isa = PBXBuildFile; fileRef = 04B9202317F396C50063E384 /* WebApiInterface.m */; };
		04C06E3517F7347F00C120C7 /* Stop.m in Sources */ = {isa = PBXBuildFile; fileRef = 04C06E3417F7347F00C120C7 /* Stop.m */; };
		04C06E3817F734A900C120C7 /* Trip.m in Sources */ = {isa = PBXBuildFile; fileRef = 04C06E3717F734A900C120C7 /* Trip.m */; };
		04C06E3B17F734B900C120C7 /* Route.m in Sources */ = {isa = PBXBuildFile; fileRef = 04C06E3A17F734B900C120C7 /* Route.m */; };
		04C5676318173ED900D04131 /* FavoriteCell.xib in Resources */ = {isa = PBXBuildFile; fileRef = 04C5676218173ED900D04131 /* FavoriteCell.xib */; };
		04C56766181742D500D04131 /* FavoriteCell.m in Sources */ = {isa = PBXBuildFile; fileRef = 04C56765181742D500D04131 /* FavoriteCell.m */; };
		04C5676B181743BD00D04131 /* MenuStarOff.png in Resources */ = {isa = PBXBuildFile; fileRef = 04C56767181743BD00D04131 /* MenuStarOff.png */; };
		04C5676C181743BD00D04131 /* MenuStarOff@2x.png in Resources */ = {isa = PBXBuildFile; fileRef = 04C56768181743BD00D04131 /* MenuStarOff@2x.png */; };
		04C5676D181743BD00D04131 /* MenuStarOn.png in Resources */ = {isa = PBXBuildFile; fileRef = 04C56769181743BD00D04131 /* MenuStarOn.png */; };
		04C5676E181743BD00D04131 /* MenuStarOn@2x.png in Resources */ = {isa = PBXBuildFile; fileRef = 04C5676A181743BD00D04131 /* MenuStarOn@2x.png */; };
		04C7C27A17E3D7D9001A9981 /* UIKit.framework in Frameworks */ = {isa = PBXBuildFile; fileRef = 04C7C27917E3D7D9001A9981 /* UIKit.framework */; };
		04C7C27C17E3D7D9001A9981 /* Foundation.framework in Frameworks */ = {isa = PBXBuildFile; fileRef = 04C7C27B17E3D7D9001A9981 /* Foundation.framework */; };
		04C7C27E17E3D7D9001A9981 /* CoreGraphics.framework in Frameworks */ = {isa = PBXBuildFile; fileRef = 04C7C27D17E3D7D9001A9981 /* CoreGraphics.framework */; };
		04C7C28417E3D7D9001A9981 /* InfoPlist.strings in Resources */ = {isa = PBXBuildFile; fileRef = 04C7C28217E3D7D9001A9981 /* InfoPlist.strings */; };
		04C7C28617E3D7D9001A9981 /* main.m in Sources */ = {isa = PBXBuildFile; fileRef = 04C7C28517E3D7D9001A9981 /* main.m */; };
		04C7C28A17E3D7D9001A9981 /* AppDelegate.m in Sources */ = {isa = PBXBuildFile; fileRef = 04C7C28917E3D7D9001A9981 /* AppDelegate.m */; };
		04C7C28C17E3D7D9001A9981 /* Default.png in Resources */ = {isa = PBXBuildFile; fileRef = 04C7C28B17E3D7D9001A9981 /* Default.png */; };
		04C7C29317E3D7D9001A9981 /* ViewController.m in Sources */ = {isa = PBXBuildFile; fileRef = 04C7C29217E3D7D9001A9981 /* ViewController.m */; };
		04C7C29617E3D7D9001A9981 /* ViewController.xib in Resources */ = {isa = PBXBuildFile; fileRef = 04C7C29417E3D7D9001A9981 /* ViewController.xib */; };
		04C7C2A017E3DFC3001A9981 /* MenuViewController.m in Sources */ = {isa = PBXBuildFile; fileRef = 04C7C29E17E3DFC3001A9981 /* MenuViewController.m */; };
		04C7C2A117E3DFC3001A9981 /* MenuViewController.xib in Resources */ = {isa = PBXBuildFile; fileRef = 04C7C29F17E3DFC3001A9981 /* MenuViewController.xib */; };
		04C7C2A417E3E383001A9981 /* BustedNavigationController.m in Sources */ = {isa = PBXBuildFile; fileRef = 04C7C2A317E3E383001A9981 /* BustedNavigationController.m */; };
		04C7C2AE17E3E9C5001A9981 /* RoutesViewController.m in Sources */ = {isa = PBXBuildFile; fileRef = 04C7C2AC17E3E9C5001A9981 /* RoutesViewController.m */; };
		04C7C2AF17E3E9C5001A9981 /* RoutesViewController.xib in Resources */ = {isa = PBXBuildFile; fileRef = 04C7C2AD17E3E9C5001A9981 /* RoutesViewController.xib */; };
		04C7C2B217E48B8D001A9981 /* ParentViewController.m in Sources */ = {isa = PBXBuildFile; fileRef = 04C7C2B117E48B8D001A9981 /* ParentViewController.m */; };
		04C7C2B617E49CD5001A9981 /* TrackViewController.m in Sources */ = {isa = PBXBuildFile; fileRef = 04C7C2B417E49CD5001A9981 /* TrackViewController.m */; };
		04C7C2B717E49CD5001A9981 /* TrackViewController.xib in Resources */ = {isa = PBXBuildFile; fileRef = 04C7C2B517E49CD5001A9981 /* TrackViewController.xib */; };
		04C7C2BD17E49F90001A9981 /* FavoritesViewController.xib in Resources */ = {isa = PBXBuildFile; fileRef = 04C7C2BB17E49F8F001A9981 /* FavoritesViewController.xib */; };
		04C7C2C117E4A1B9001A9981 /* MapViewController.m in Sources */ = {isa = PBXBuildFile; fileRef = 04C7C2BF17E4A1B9001A9981 /* MapViewController.m */; };
		04C7C2C217E4A1B9001A9981 /* MapViewController.xib in Resources */ = {isa = PBXBuildFile; fileRef = 04C7C2C017E4A1B9001A9981 /* MapViewController.xib */; };
		04C7C2C417E4A474001A9981 /* MapKit.framework in Frameworks */ = {isa = PBXBuildFile; fileRef = 04C7C2C317E4A473001A9981 /* MapKit.framework */; };
		04C7C2C617E4A47C001A9981 /* CoreLocation.framework in Frameworks */ = {isa = PBXBuildFile; fileRef = 04C7C2C517E4A47B001A9981 /* CoreLocation.framework */; };
		04C7C2C817E4BB16001A9981 /* KML.framework in Frameworks */ = {isa = PBXBuildFile; fileRef = 04C7C2C717E4BB16001A9981 /* KML.framework */; };
		04C7C2CA17E4BB1E001A9981 /* libxml2.2.dylib in Frameworks */ = {isa = PBXBuildFile; fileRef = 04C7C2C917E4BB1E001A9981 /* libxml2.2.dylib */; };
		04C7C2CB17E4BB6B001A9981 /* DataReader.m in Sources */ = {isa = PBXBuildFile; fileRef = 04C7C2A717E3E977001A9981 /* DataReader.m */; };
		04C7C2D217E4BC54001A9981 /* BusStop.m in Sources */ = {isa = PBXBuildFile; fileRef = 04C7C2CE17E4BC33001A9981 /* BusStop.m */; };
		04C7C2D317E4BC54001A9981 /* BusRoute.m in Sources */ = {isa = PBXBuildFile; fileRef = 04C7C2D017E4BC33001A9981 /* BusRoute.m */; };
		04C7C2D817E4BE5E001A9981 /* Bus Stops.kml in Resources */ = {isa = PBXBuildFile; fileRef = 04C7C2D517E4BE5E001A9981 /* Bus Stops.kml */; };
		04C7C2D917E4BE5E001A9981 /* Bus Routes.kml in Resources */ = {isa = PBXBuildFile; fileRef = 04C7C2D617E4BE5E001A9981 /* Bus Routes.kml */; };
		04C7C2DA17E4BE5E001A9981 /* sample.plist in Resources */ = {isa = PBXBuildFile; fileRef = 04C7C2D717E4BE5E001A9981 /* sample.plist */; };
		04C7C2DD17E4C069001A9981 /* RegionZoomData.m in Sources */ = {isa = PBXBuildFile; fileRef = 04C7C2DC17E4BFB9001A9981 /* RegionZoomData.m */; };
		04C7C2DF17E4F3D3001A9981 /* QuartzCore.framework in Frameworks */ = {isa = PBXBuildFile; fileRef = 04C7C2DE17E4F3D2001A9981 /* QuartzCore.framework */; };
		04C7C2E417E5024C001A9981 /* Icon-Small.png in Resources */ = {isa = PBXBuildFile; fileRef = 04C7C2E017E5024C001A9981 /* Icon-Small.png */; };
		04C7C2E517E5024C001A9981 /* Icon-Small@2x.png in Resources */ = {isa = PBXBuildFile; fileRef = 04C7C2E117E5024C001A9981 /* Icon-Small@2x.png */; };
		04C7C2E917E50288001A9981 /* Icon.png in Resources */ = {isa = PBXBuildFile; fileRef = 04C7C2E817E50288001A9981 /* Icon.png */; };
		04C7C2EB17E5029E001A9981 /* Icon@2x.png in Resources */ = {isa = PBXBuildFile; fileRef = 04C7C2EA17E5029E001A9981 /* Icon@2x.png */; };
		04C7C2EF17E51BC9001A9981 /* BusRoutesCollectionViewController.m in Sources */ = {isa = PBXBuildFile; fileRef = 04C7C2ED17E51BC8001A9981 /* BusRoutesCollectionViewController.m */; };
		04C7C2F017E51BC9001A9981 /* BusRoutesCollectionViewController.xib in Resources */ = {isa = PBXBuildFile; fileRef = 04C7C2EE17E51BC9001A9981 /* BusRoutesCollectionViewController.xib */; };
		04C7C2F317E53B8E001A9981 /* Bus.m in Sources */ = {isa = PBXBuildFile; fileRef = 04C7C2F217E53B8E001A9981 /* Bus.m */; };
		04C7C2F717E5495D001A9981 /* dot0@2x.png in Resources */ = {isa = PBXBuildFile; fileRef = 04C7C2F617E5495D001A9981 /* dot0@2x.png */; };
		04C7C2F917E54963001A9981 /* dot0.png in Resources */ = {isa = PBXBuildFile; fileRef = 04C7C2F817E54963001A9981 /* dot0.png */; };
		04D13F4C181DF2CD002F0398 /* backGroundMenuSmall@2x.jpg in Resources */ = {isa = PBXBuildFile; fileRef = 04D13F4B181DF2CD002F0398 /* backGroundMenuSmall@2x.jpg */; };
		04D13F50181DF479002F0398 /* myDestinationButtonSmall@2x.png in Resources */ = {isa = PBXBuildFile; fileRef = 04D13F4D181DF479002F0398 /* myDestinationButtonSmall@2x.png */; };
		04D13F51181DF479002F0398 /* myFavoriteButtonSmall@2x.png in Resources */ = {isa = PBXBuildFile; fileRef = 04D13F4E181DF479002F0398 /* myFavoriteButtonSmall@2x.png */; };
		04D13F52181DF479002F0398 /* trackMyBusButtonSmall@2x.png in Resources */ = {isa = PBXBuildFile; fileRef = 04D13F4F181DF479002F0398 /* trackMyBusButtonSmall@2x.png */; };
		04D13F55181DF796002F0398 /* homeButtonHighlightedSmall@2x.png in Resources */ = {isa = PBXBuildFile; fileRef = 04D13F53181DF796002F0398 /* homeButtonHighlightedSmall@2x.png */; };
		04D13F56181DF796002F0398 /* homeButtonSmall@2x.png in Resources */ = {isa = PBXBuildFile; fileRef = 04D13F54181DF796002F0398 /* homeButtonSmall@2x.png */; };
		04D13F58181DF98D002F0398 /* backGroundOnMyWaySmall@2x.jpg in Resources */ = {isa = PBXBuildFile; fileRef = 04D13F57181DF98D002F0398 /* backGroundOnMyWaySmall@2x.jpg */; };
		04D13F5A181DF9B5002F0398 /* backGroundTrackSmall@2x.jpg in Resources */ = {isa = PBXBuildFile; fileRef = 04D13F59181DF9B5002F0398 /* backGroundTrackSmall@2x.jpg */; };
		04E115461818B63900EF8DFD /* StopDisplayViewControllerSmall.xib in Resources */ = {isa = PBXBuildFile; fileRef = 04E115451818B63900EF8DFD /* StopDisplayViewControllerSmall.xib */; };
		04E9588117F6340900DD72AD /* AFHTTPClient.m in Sources */ = {isa = PBXBuildFile; fileRef = 04E9586F17F6340900DD72AD /* AFHTTPClient.m */; settings = {COMPILER_FLAGS = "-fobjc-arc"; }; };
		04E9588217F6340900DD72AD /* AFHTTPRequestOperation.m in Sources */ = {isa = PBXBuildFile; fileRef = 04E9587117F6340900DD72AD /* AFHTTPRequestOperation.m */; settings = {COMPILER_FLAGS = "-fobjc-arc"; }; };
		04E9588317F6340900DD72AD /* AFImageRequestOperation.m in Sources */ = {isa = PBXBuildFile; fileRef = 04E9587317F6340900DD72AD /* AFImageRequestOperation.m */; settings = {COMPILER_FLAGS = "-fobjc-arc"; }; };
		04E9588417F6340900DD72AD /* AFJSONRequestOperation.m in Sources */ = {isa = PBXBuildFile; fileRef = 04E9587517F6340900DD72AD /* AFJSONRequestOperation.m */; settings = {COMPILER_FLAGS = "-fobjc-arc"; }; };
		04E9588517F6340900DD72AD /* AFNetworkActivityIndicatorManager.m in Sources */ = {isa = PBXBuildFile; fileRef = 04E9587717F6340900DD72AD /* AFNetworkActivityIndicatorManager.m */; settings = {COMPILER_FLAGS = "-fobjc-arc"; }; };
		04E9588617F6340900DD72AD /* AFPropertyListRequestOperation.m in Sources */ = {isa = PBXBuildFile; fileRef = 04E9587A17F6340900DD72AD /* AFPropertyListRequestOperation.m */; settings = {COMPILER_FLAGS = "-fobjc-arc"; }; };
		04E9588717F6340900DD72AD /* AFURLConnectionOperation.m in Sources */ = {isa = PBXBuildFile; fileRef = 04E9587C17F6340900DD72AD /* AFURLConnectionOperation.m */; settings = {COMPILER_FLAGS = "-fobjc-arc"; }; };
		04E9588817F6340900DD72AD /* AFXMLRequestOperation.m in Sources */ = {isa = PBXBuildFile; fileRef = 04E9587E17F6340900DD72AD /* AFXMLRequestOperation.m */; settings = {COMPILER_FLAGS = "-fobjc-arc"; }; };
		04E9588917F6340900DD72AD /* UIImageView+AFNetworking.m in Sources */ = {isa = PBXBuildFile; fileRef = 04E9588017F6340900DD72AD /* UIImageView+AFNetworking.m */; settings = {COMPILER_FLAGS = "-fobjc-arc"; }; };
		04E9588B17F6347A00DD72AD /* MobileCoreServices.framework in Frameworks */ = {isa = PBXBuildFile; fileRef = 04E9588A17F6347A00DD72AD /* MobileCoreServices.framework */; };
/* End PBXBuildFile section */

/* Begin PBXFileReference section */
		0419021D180082C500D79040 /* MyRoute.h */ = {isa = PBXFileReference; fileEncoding = 4; lastKnownFileType = sourcecode.c.h; path = MyRoute.h; sourceTree = "<group>"; };
		0419021E180082C500D79040 /* MyRoute.m */ = {isa = PBXFileReference; fileEncoding = 4; lastKnownFileType = sourcecode.c.objc; path = MyRoute.m; sourceTree = "<group>"; };
		041902241800C93C00D79040 /* backGroundMenu@2x.jpg */ = {isa = PBXFileReference; lastKnownFileType = image.jpeg; path = "backGroundMenu@2x.jpg"; sourceTree = "<group>"; };
		041902251800C93C00D79040 /* myDestinationButton@2x.png */ = {isa = PBXFileReference; lastKnownFileType = image.png; path = "myDestinationButton@2x.png"; sourceTree = "<group>"; };
		041902261800C93C00D79040 /* myFavoriteButton@2x.png */ = {isa = PBXFileReference; lastKnownFileType = image.png; path = "myFavoriteButton@2x.png"; sourceTree = "<group>"; };
		041902271800C93C00D79040 /* trackMyBusButton@2x.png */ = {isa = PBXFileReference; lastKnownFileType = image.png; path = "trackMyBusButton@2x.png"; sourceTree = "<group>"; };
		0419022A1800C93C00D79040 /* Default-568h@2x.png */ = {isa = PBXFileReference; lastKnownFileType = image.png; path = "Default-568h@2x.png"; sourceTree = "<group>"; };
		0419022B1800C93C00D79040 /* introImage1@2x.jpg */ = {isa = PBXFileReference; lastKnownFileType = image.jpeg; path = "introImage1@2x.jpg"; sourceTree = "<group>"; };
		0419022C1800C93C00D79040 /* introImage2@2x.jpg */ = {isa = PBXFileReference; lastKnownFileType = image.jpeg; path = "introImage2@2x.jpg"; sourceTree = "<group>"; };
		0419022E1800C93C00D79040 /* backGroundOnMyWay@2x.jpg */ = {isa = PBXFileReference; lastKnownFileType = image.jpeg; path = "backGroundOnMyWay@2x.jpg"; sourceTree = "<group>"; };
		0419022F1800C93C00D79040 /* downToUp@2x.png */ = {isa = PBXFileReference; lastKnownFileType = image.png; path = "downToUp@2x.png"; sourceTree = "<group>"; };
		041902301800C93C00D79040 /* onMyWay@2x.png */ = {isa = PBXFileReference; lastKnownFileType = image.png; path = "onMyWay@2x.png"; sourceTree = "<group>"; };
		041902311800C93C00D79040 /* sending1.png */ = {isa = PBXFileReference; lastKnownFileType = image.png; path = sending1.png; sourceTree = "<group>"; };
		041902321800C93C00D79040 /* sending2.png */ = {isa = PBXFileReference; lastKnownFileType = image.png; path = sending2.png; sourceTree = "<group>"; };
		041902331800C93C00D79040 /* sending3.png */ = {isa = PBXFileReference; lastKnownFileType = image.png; path = sending3.png; sourceTree = "<group>"; };
		041902341800C93C00D79040 /* sending@2x.png */ = {isa = PBXFileReference; lastKnownFileType = image.png; path = "sending@2x.png"; sourceTree = "<group>"; };
		041902361800C93C00D79040 /* backGroundTrack@2x.jpg */ = {isa = PBXFileReference; lastKnownFileType = image.jpeg; path = "backGroundTrack@2x.jpg"; sourceTree = "<group>"; };
		041902381800C93C00D79040 /* backGround@2x.jpg */ = {isa = PBXFileReference; lastKnownFileType = image.jpeg; path = "backGround@2x.jpg"; sourceTree = "<group>"; };
		0419023A1800C93C00D79040 /* cellBackGround@2x.png */ = {isa = PBXFileReference; lastKnownFileType = image.png; path = "cellBackGround@2x.png"; sourceTree = "<group>"; };
		0419023B1800C93C00D79040 /* homeButton@2x.png */ = {isa = PBXFileReference; lastKnownFileType = image.png; path = "homeButton@2x.png"; sourceTree = "<group>"; };
		0419023C1800C93C00D79040 /* homeButtonHighlighted@2x.png */ = {isa = PBXFileReference; lastKnownFileType = image.png; path = "homeButtonHighlighted@2x.png"; sourceTree = "<group>"; };
		041902401800C93C00D79040 /* routeButton@2x.png */ = {isa = PBXFileReference; lastKnownFileType = image.png; path = "routeButton@2x.png"; sourceTree = "<group>"; };
		041902411800C93C00D79040 /* routeButtonHighlighted@2x.png */ = {isa = PBXFileReference; lastKnownFileType = image.png; path = "routeButtonHighlighted@2x.png"; sourceTree = "<group>"; };
		041902431800C93C00D79040 /* route@2x.png */ = {isa = PBXFileReference; lastKnownFileType = image.png; path = "route@2x.png"; sourceTree = "<group>"; };
		041902441800C93C00D79040 /* submitButton@2x.png */ = {isa = PBXFileReference; lastKnownFileType = image.png; path = "submitButton@2x.png"; sourceTree = "<group>"; };
		041902451800C93C00D79040 /* submitButtonHighlighted@2x.png */ = {isa = PBXFileReference; lastKnownFileType = image.png; path = "submitButtonHighlighted@2x.png"; sourceTree = "<group>"; };
		041902651800CF6300D79040 /* aboutButton@2x.png */ = {isa = PBXFileReference; lastKnownFileType = image.png; path = "aboutButton@2x.png"; sourceTree = "<group>"; };
		041902661800CF6300D79040 /* aboutButtonHighlighted@2x.png */ = {isa = PBXFileReference; lastKnownFileType = image.png; path = "aboutButtonHighlighted@2x.png"; sourceTree = "<group>"; };
		041902671800CF6300D79040 /* aboutScreen@2x.jpg */ = {isa = PBXFileReference; lastKnownFileType = image.jpeg; path = "aboutScreen@2x.jpg"; sourceTree = "<group>"; };
		0419026B1800D07700D79040 /* AboutScreen.xib */ = {isa = PBXFileReference; fileEncoding = 4; lastKnownFileType = file.xib; path = AboutScreen.xib; sourceTree = "<group>"; };
		0419026F1800E14500D79040 /* upToDownButton@2x.png */ = {isa = PBXFileReference; lastKnownFileType = image.png; path = "upToDownButton@2x.png"; sourceTree = "<group>"; };
		041902711800F40700D79040 /* TLTransitionAnimator.h */ = {isa = PBXFileReference; fileEncoding = 4; lastKnownFileType = sourcecode.c.h; path = TLTransitionAnimator.h; sourceTree = "<group>"; };
		041902721800F40700D79040 /* TLTransitionAnimator.m */ = {isa = PBXFileReference; fileEncoding = 4; lastKnownFileType = sourcecode.c.objc; path = TLTransitionAnimator.m; sourceTree = "<group>"; };
		041902741800FD5700D79040 /* onMyWayButton@2x.png */ = {isa = PBXFileReference; lastKnownFileType = image.png; path = "onMyWayButton@2x.png"; sourceTree = "<group>"; };
		041902751800FD5700D79040 /* onMyWayHighlighted@2x.png */ = {isa = PBXFileReference; lastKnownFileType = image.png; path = "onMyWayHighlighted@2x.png"; sourceTree = "<group>"; };
		041915A417F72C9100E68CC2 /* DataModel.xcdatamodel */ = {isa = PBXFileReference; lastKnownFileType = wrapper.xcdatamodel; path = DataModel.xcdatamodel; sourceTree = "<group>"; };
		041FACB817FBA967004F21EF /* Routes.h */ = {isa = PBXFileReference; fileEncoding = 4; lastKnownFileType = sourcecode.c.h; path = Routes.h; sourceTree = "<group>"; };
		041FACB917FBA967004F21EF /* Routes.m */ = {isa = PBXFileReference; fileEncoding = 4; lastKnownFileType = sourcecode.c.objc; path = Routes.m; sourceTree = "<group>"; };
		042109191819C1AA004539B4 /* bus-number.png */ = {isa = PBXFileReference; lastKnownFileType = image.png; path = "bus-number.png"; sourceTree = "<group>"; };
		0421091A1819C1AA004539B4 /* bus-number@2x.png */ = {isa = PBXFileReference; lastKnownFileType = image.png; path = "bus-number@2x.png"; sourceTree = "<group>"; };
		0421091D1819FAA6004539B4 /* open-up-arrow.png */ = {isa = PBXFileReference; lastKnownFileType = image.png; path = "open-up-arrow.png"; sourceTree = "<group>"; };
		0421091E1819FAA6004539B4 /* open-up-arrow@2x.png */ = {isa = PBXFileReference; lastKnownFileType = image.png; path = "open-up-arrow@2x.png"; sourceTree = "<group>"; };
		042109211819FBE4004539B4 /* routes.png */ = {isa = PBXFileReference; lastKnownFileType = image.png; path = routes.png; sourceTree = "<group>"; };
		042109221819FBE4004539B4 /* routes@2x.png */ = {isa = PBXFileReference; lastKnownFileType = image.png; path = "routes@2x.png"; sourceTree = "<group>"; };
		042109231819FBE4004539B4 /* stops.png */ = {isa = PBXFileReference; lastKnownFileType = image.png; path = stops.png; sourceTree = "<group>"; };
		042109241819FBE4004539B4 /* stops@2x.png */ = {isa = PBXFileReference; lastKnownFileType = image.png; path = "stops@2x.png"; sourceTree = "<group>"; };
		04210929181A043E004539B4 /* Stop@2x.png */ = {isa = PBXFileReference; lastKnownFileType = image.png; path = "Stop@2x.png"; sourceTree = "<group>"; };
		0447EBDB17FA4A5B00A91D60 /* StopDisplayViewController.h */ = {isa = PBXFileReference; fileEncoding = 4; lastKnownFileType = sourcecode.c.h; path = StopDisplayViewController.h; sourceTree = "<group>"; };
		0447EBDC17FA4A5B00A91D60 /* StopDisplayViewController.m */ = {isa = PBXFileReference; fileEncoding = 4; lastKnownFileType = sourcecode.c.objc; path = StopDisplayViewController.m; sourceTree = "<group>"; };
		0447EBDD17FA4A5B00A91D60 /* StopDisplayViewController.xib */ = {isa = PBXFileReference; fileEncoding = 4; lastKnownFileType = file.xib; path = StopDisplayViewController.xib; sourceTree = "<group>"; };
		0447EBE117FA514300A91D60 /* TableCell.xib */ = {isa = PBXFileReference; fileEncoding = 4; lastKnownFileType = file.xib; path = TableCell.xib; sourceTree = "<group>"; };
		0447EBE417FA519600A91D60 /* TableCell.h */ = {isa = PBXFileReference; fileEncoding = 4; lastKnownFileType = sourcecode.c.h; path = TableCell.h; sourceTree = "<group>"; };
		0447EBE517FA519600A91D60 /* TableCell.m */ = {isa = PBXFileReference; fileEncoding = 4; lastKnownFileType = sourcecode.c.objc; path = TableCell.m; sourceTree = "<group>"; };
		04602CDE17EF6BBB002BE30D /* Reachability.h */ = {isa = PBXFileReference; fileEncoding = 4; lastKnownFileType = sourcecode.c.h; path = Reachability.h; sourceTree = "<group>"; };
		04602CDF17EF6BBB002BE30D /* Reachability.m */ = {isa = PBXFileReference; fileEncoding = 4; lastKnownFileType = sourcecode.c.objc; path = Reachability.m; sourceTree = "<group>"; };
		04602CE117EF6C2E002BE30D /* SystemConfiguration.framework */ = {isa = PBXFileReference; lastKnownFileType = wrapper.framework; name = SystemConfiguration.framework; path = System/Library/Frameworks/SystemConfiguration.framework; sourceTree = SDKROOT; };
		04602CE317EF809E002BE30D /* LoadingScreenViewController.h */ = {isa = PBXFileReference; fileEncoding = 4; lastKnownFileType = sourcecode.c.h; path = LoadingScreenViewController.h; sourceTree = "<group>"; };
		04602CE417EF809E002BE30D /* LoadingScreenViewController.m */ = {isa = PBXFileReference; fileEncoding = 4; lastKnownFileType = sourcecode.c.objc; path = LoadingScreenViewController.m; sourceTree = "<group>"; };
		04602CE517EF809E002BE30D /* LoadingScreenViewController.xib */ = {isa = PBXFileReference; fileEncoding = 4; lastKnownFileType = file.xib; path = LoadingScreenViewController.xib; sourceTree = "<group>"; };
		04602CF017EFCE0D002BE30D /* FavoritesViewController.h */ = {isa = PBXFileReference; fileEncoding = 4; lastKnownFileType = sourcecode.c.h; path = FavoritesViewController.h; sourceTree = "<group>"; };
		04602CF117EFCE0D002BE30D /* FavoritesViewController.m */ = {isa = PBXFileReference; fileEncoding = 4; lastKnownFileType = sourcecode.c.objc; path = FavoritesViewController.m; sourceTree = "<group>"; };
		047443F417F74EBB00436B4B /* CoreData.framework */ = {isa = PBXFileReference; lastKnownFileType = wrapper.framework; name = CoreData.framework; path = System/Library/Frameworks/CoreData.framework; sourceTree = SDKROOT; };
		04785CDD180F48940024A61B /* MenuViewControllerSmall.xib */ = {isa = PBXFileReference; fileEncoding = 4; lastKnownFileType = file.xib; path = MenuViewControllerSmall.xib; sourceTree = "<group>"; };
		04785CDF180F4D5F0024A61B /* FavoritesViewControllerSmall.xib */ = {isa = PBXFileReference; fileEncoding = 4; lastKnownFileType = file.xib; path = FavoritesViewControllerSmall.xib; sourceTree = "<group>"; };
		04785CE1180F4E4D0024A61B /* MapViewControllerSmall.xib */ = {isa = PBXFileReference; fileEncoding = 4; lastKnownFileType = file.xib; path = MapViewControllerSmall.xib; sourceTree = "<group>"; };
		04785CE3180F51E10024A61B /* RoutesViewControllerSmall.xib */ = {isa = PBXFileReference; fileEncoding = 4; lastKnownFileType = file.xib; path = RoutesViewControllerSmall.xib; sourceTree = "<group>"; };
		04785CE5180F54060024A61B /* TrackViewControllerSmall.xib */ = {isa = PBXFileReference; fileEncoding = 4; lastKnownFileType = file.xib; path = TrackViewControllerSmall.xib; sourceTree = "<group>"; };
		04785CE7180F5DA20024A61B /* LoadingScreenViewControllerSmall.xib */ = {isa = PBXFileReference; fileEncoding = 4; lastKnownFileType = file.xib; path = LoadingScreenViewControllerSmall.xib; sourceTree = "<group>"; };
		04785CE9180F5E0B0024A61B /* AboutScreenSmall.xib */ = {isa = PBXFileReference; fileEncoding = 4; lastKnownFileType = file.xib; path = AboutScreenSmall.xib; sourceTree = "<group>"; };
		04785CEB180F6AD20024A61B /* macros.h */ = {isa = PBXFileReference; lastKnownFileType = sourcecode.c.h; path = macros.h; sourceTree = "<group>"; };
		048F13A717ED10E90011ABC7 /* BusRouteViewCell.h */ = {isa = PBXFileReference; fileEncoding = 4; lastKnownFileType = sourcecode.c.h; path = BusRouteViewCell.h; sourceTree = "<group>"; };
		048F13A817ED10E90011ABC7 /* BusRouteViewCell.m */ = {isa = PBXFileReference; fileEncoding = 4; lastKnownFileType = sourcecode.c.objc; path = BusRouteViewCell.m; sourceTree = "<group>"; };
		048F13AC17ED19AA0011ABC7 /* BusRouteViewCell.xib */ = {isa = PBXFileReference; fileEncoding = 4; lastKnownFileType = file.xib; path = BusRouteViewCell.xib; sourceTree = "<group>"; };
		0492BBFB180E153600914847 /* busStop@2x.png */ = {isa = PBXFileReference; lastKnownFileType = image.png; path = "busStop@2x.png"; sourceTree = "<group>"; };
		04B9202217F396C50063E384 /* WebApiInterface.h */ = {isa = PBXFileReference; fileEncoding = 4; lastKnownFileType = sourcecode.c.h; path = WebApiInterface.h; sourceTree = "<group>"; };
		04B9202317F396C50063E384 /* WebApiInterface.m */ = {isa = PBXFileReference; fileEncoding = 4; lastKnownFileType = sourcecode.c.objc; path = WebApiInterface.m; sourceTree = "<group>"; };
		04C06E3317F7347F00C120C7 /* Stop.h */ = {isa = PBXFileReference; fileEncoding = 4; lastKnownFileType = sourcecode.c.h; path = Stop.h; sourceTree = "<group>"; };
		04C06E3417F7347F00C120C7 /* Stop.m */ = {isa = PBXFileReference; fileEncoding = 4; lastKnownFileType = sourcecode.c.objc; path = Stop.m; sourceTree = "<group>"; };
		04C06E3617F734A900C120C7 /* Trip.h */ = {isa = PBXFileReference; fileEncoding = 4; lastKnownFileType = sourcecode.c.h; path = Trip.h; sourceTree = "<group>"; };
		04C06E3717F734A900C120C7 /* Trip.m */ = {isa = PBXFileReference; fileEncoding = 4; lastKnownFileType = sourcecode.c.objc; path = Trip.m; sourceTree = "<group>"; };
		04C06E3917F734B900C120C7 /* Route.h */ = {isa = PBXFileReference; fileEncoding = 4; lastKnownFileType = sourcecode.c.h; path = Route.h; sourceTree = "<group>"; };
		04C06E3A17F734B900C120C7 /* Route.m */ = {isa = PBXFileReference; fileEncoding = 4; lastKnownFileType = sourcecode.c.objc; path = Route.m; sourceTree = "<group>"; };
		04C5676218173ED900D04131 /* FavoriteCell.xib */ = {isa = PBXFileReference; fileEncoding = 4; lastKnownFileType = file.xib; path = FavoriteCell.xib; sourceTree = "<group>"; };
		04C56764181742D500D04131 /* FavoriteCell.h */ = {isa = PBXFileReference; fileEncoding = 4; lastKnownFileType = sourcecode.c.h; path = FavoriteCell.h; sourceTree = "<group>"; };
		04C56765181742D500D04131 /* FavoriteCell.m */ = {isa = PBXFileReference; fileEncoding = 4; lastKnownFileType = sourcecode.c.objc; path = FavoriteCell.m; sourceTree = "<group>"; };
		04C56767181743BD00D04131 /* MenuStarOff.png */ = {isa = PBXFileReference; lastKnownFileType = image.png; path = MenuStarOff.png; sourceTree = "<group>"; };
		04C56768181743BD00D04131 /* MenuStarOff@2x.png */ = {isa = PBXFileReference; lastKnownFileType = image.png; path = "MenuStarOff@2x.png"; sourceTree = "<group>"; };
		04C56769181743BD00D04131 /* MenuStarOn.png */ = {isa = PBXFileReference; lastKnownFileType = image.png; path = MenuStarOn.png; sourceTree = "<group>"; };
		04C5676A181743BD00D04131 /* MenuStarOn@2x.png */ = {isa = PBXFileReference; lastKnownFileType = image.png; path = "MenuStarOn@2x.png"; sourceTree = "<group>"; };
		04C7C27617E3D7D9001A9981 /* Busted.app */ = {isa = PBXFileReference; explicitFileType = wrapper.application; includeInIndex = 0; path = Busted.app; sourceTree = BUILT_PRODUCTS_DIR; };
		04C7C27917E3D7D9001A9981 /* UIKit.framework */ = {isa = PBXFileReference; lastKnownFileType = wrapper.framework; name = UIKit.framework; path = System/Library/Frameworks/UIKit.framework; sourceTree = SDKROOT; };
		04C7C27B17E3D7D9001A9981 /* Foundation.framework */ = {isa = PBXFileReference; lastKnownFileType = wrapper.framework; name = Foundation.framework; path = System/Library/Frameworks/Foundation.framework; sourceTree = SDKROOT; };
		04C7C27D17E3D7D9001A9981 /* CoreGraphics.framework */ = {isa = PBXFileReference; lastKnownFileType = wrapper.framework; name = CoreGraphics.framework; path = System/Library/Frameworks/CoreGraphics.framework; sourceTree = SDKROOT; };
		04C7C28117E3D7D9001A9981 /* Busted-Info.plist */ = {isa = PBXFileReference; lastKnownFileType = text.plist.xml; path = "Busted-Info.plist"; sourceTree = "<group>"; };
		04C7C28317E3D7D9001A9981 /* en */ = {isa = PBXFileReference; lastKnownFileType = text.plist.strings; name = en; path = en.lproj/InfoPlist.strings; sourceTree = "<group>"; };
		04C7C28517E3D7D9001A9981 /* main.m */ = {isa = PBXFileReference; lastKnownFileType = sourcecode.c.objc; path = main.m; sourceTree = "<group>"; };
		04C7C28717E3D7D9001A9981 /* Busted-Prefix.pch */ = {isa = PBXFileReference; lastKnownFileType = sourcecode.c.h; path = "Busted-Prefix.pch"; sourceTree = "<group>"; };
		04C7C28817E3D7D9001A9981 /* AppDelegate.h */ = {isa = PBXFileReference; lastKnownFileType = sourcecode.c.h; path = AppDelegate.h; sourceTree = "<group>"; };
		04C7C28917E3D7D9001A9981 /* AppDelegate.m */ = {isa = PBXFileReference; lastKnownFileType = sourcecode.c.objc; path = AppDelegate.m; sourceTree = "<group>"; };
		04C7C28B17E3D7D9001A9981 /* Default.png */ = {isa = PBXFileReference; lastKnownFileType = image.png; path = Default.png; sourceTree = "<group>"; };
		04C7C29117E3D7D9001A9981 /* ViewController.h */ = {isa = PBXFileReference; lastKnownFileType = sourcecode.c.h; path = ViewController.h; sourceTree = "<group>"; };
		04C7C29217E3D7D9001A9981 /* ViewController.m */ = {isa = PBXFileReference; lastKnownFileType = sourcecode.c.objc; path = ViewController.m; sourceTree = "<group>"; };
		04C7C29517E3D7D9001A9981 /* en */ = {isa = PBXFileReference; lastKnownFileType = file.xib; name = en; path = en.lproj/ViewController.xib; sourceTree = "<group>"; };
		04C7C29D17E3DFC3001A9981 /* MenuViewController.h */ = {isa = PBXFileReference; fileEncoding = 4; lastKnownFileType = sourcecode.c.h; path = MenuViewController.h; sourceTree = "<group>"; };
		04C7C29E17E3DFC3001A9981 /* MenuViewController.m */ = {isa = PBXFileReference; fileEncoding = 4; lastKnownFileType = sourcecode.c.objc; path = MenuViewController.m; sourceTree = "<group>"; };
		04C7C29F17E3DFC3001A9981 /* MenuViewController.xib */ = {isa = PBXFileReference; fileEncoding = 4; lastKnownFileType = file.xib; path = MenuViewController.xib; sourceTree = "<group>"; };
		04C7C2A217E3E383001A9981 /* BustedNavigationController.h */ = {isa = PBXFileReference; fileEncoding = 4; lastKnownFileType = sourcecode.c.h; path = BustedNavigationController.h; sourceTree = "<group>"; };
		04C7C2A317E3E383001A9981 /* BustedNavigationController.m */ = {isa = PBXFileReference; fileEncoding = 4; lastKnownFileType = sourcecode.c.objc; path = BustedNavigationController.m; sourceTree = "<group>"; };
		04C7C2A617E3E977001A9981 /* DataReader.h */ = {isa = PBXFileReference; lastKnownFileType = sourcecode.c.h; path = DataReader.h; sourceTree = "<group>"; };
		04C7C2A717E3E977001A9981 /* DataReader.m */ = {isa = PBXFileReference; lastKnownFileType = sourcecode.c.objc; path = DataReader.m; sourceTree = "<group>"; };
		04C7C2AB17E3E9C5001A9981 /* RoutesViewController.h */ = {isa = PBXFileReference; fileEncoding = 4; lastKnownFileType = sourcecode.c.h; path = RoutesViewController.h; sourceTree = "<group>"; };
		04C7C2AC17E3E9C5001A9981 /* RoutesViewController.m */ = {isa = PBXFileReference; fileEncoding = 4; lastKnownFileType = sourcecode.c.objc; path = RoutesViewController.m; sourceTree = "<group>"; };
		04C7C2AD17E3E9C5001A9981 /* RoutesViewController.xib */ = {isa = PBXFileReference; fileEncoding = 4; lastKnownFileType = file.xib; path = RoutesViewController.xib; sourceTree = "<group>"; };
		04C7C2B017E48B8D001A9981 /* ParentViewController.h */ = {isa = PBXFileReference; fileEncoding = 4; lastKnownFileType = sourcecode.c.h; path = ParentViewController.h; sourceTree = "<group>"; };
		04C7C2B117E48B8D001A9981 /* ParentViewController.m */ = {isa = PBXFileReference; fileEncoding = 4; lastKnownFileType = sourcecode.c.objc; path = ParentViewController.m; sourceTree = "<group>"; };
		04C7C2B317E49CD5001A9981 /* TrackViewController.h */ = {isa = PBXFileReference; fileEncoding = 4; lastKnownFileType = sourcecode.c.h; path = TrackViewController.h; sourceTree = "<group>"; };
		04C7C2B417E49CD5001A9981 /* TrackViewController.m */ = {isa = PBXFileReference; fileEncoding = 4; lastKnownFileType = sourcecode.c.objc; path = TrackViewController.m; sourceTree = "<group>"; };
		04C7C2B517E49CD5001A9981 /* TrackViewController.xib */ = {isa = PBXFileReference; fileEncoding = 4; lastKnownFileType = file.xib; path = TrackViewController.xib; sourceTree = "<group>"; };
		04C7C2BB17E49F8F001A9981 /* FavoritesViewController.xib */ = {isa = PBXFileReference; fileEncoding = 4; lastKnownFileType = file.xib; path = FavoritesViewController.xib; sourceTree = "<group>"; };
		04C7C2BE17E4A1B8001A9981 /* MapViewController.h */ = {isa = PBXFileReference; fileEncoding = 4; lastKnownFileType = sourcecode.c.h; path = MapViewController.h; sourceTree = "<group>"; };
		04C7C2BF17E4A1B9001A9981 /* MapViewController.m */ = {isa = PBXFileReference; fileEncoding = 4; lastKnownFileType = sourcecode.c.objc; path = MapViewController.m; sourceTree = "<group>"; };
		04C7C2C017E4A1B9001A9981 /* MapViewController.xib */ = {isa = PBXFileReference; fileEncoding = 4; lastKnownFileType = file.xib; path = MapViewController.xib; sourceTree = "<group>"; };
		04C7C2C317E4A473001A9981 /* MapKit.framework */ = {isa = PBXFileReference; lastKnownFileType = wrapper.framework; name = MapKit.framework; path = System/Library/Frameworks/MapKit.framework; sourceTree = SDKROOT; };
		04C7C2C517E4A47B001A9981 /* CoreLocation.framework */ = {isa = PBXFileReference; lastKnownFileType = wrapper.framework; name = CoreLocation.framework; path = System/Library/Frameworks/CoreLocation.framework; sourceTree = SDKROOT; };
		04C7C2C717E4BB16001A9981 /* KML.framework */ = {isa = PBXFileReference; lastKnownFileType = wrapper.framework; path = KML.framework; sourceTree = "<group>"; };
		04C7C2C917E4BB1E001A9981 /* libxml2.2.dylib */ = {isa = PBXFileReference; lastKnownFileType = "compiled.mach-o.dylib"; path = libxml2.2.dylib; sourceTree = "<group>"; };
		04C7C2CD17E4BC33001A9981 /* BusStop.h */ = {isa = PBXFileReference; lastKnownFileType = sourcecode.c.h; path = BusStop.h; sourceTree = "<group>"; };
		04C7C2CE17E4BC33001A9981 /* BusStop.m */ = {isa = PBXFileReference; lastKnownFileType = sourcecode.c.objc; path = BusStop.m; sourceTree = "<group>"; };
		04C7C2CF17E4BC33001A9981 /* BusRoute.h */ = {isa = PBXFileReference; lastKnownFileType = sourcecode.c.h; path = BusRoute.h; sourceTree = "<group>"; };
		04C7C2D017E4BC33001A9981 /* BusRoute.m */ = {isa = PBXFileReference; lastKnownFileType = sourcecode.c.objc; path = BusRoute.m; sourceTree = "<group>"; };
		04C7C2D117E4BC33001A9981 /* Enums.h */ = {isa = PBXFileReference; lastKnownFileType = sourcecode.c.h; path = Enums.h; sourceTree = "<group>"; };
		04C7C2D517E4BE5E001A9981 /* Bus Stops.kml */ = {isa = PBXFileReference; fileEncoding = 4; lastKnownFileType = text.xml; path = "Bus Stops.kml"; sourceTree = "<group>"; };
		04C7C2D617E4BE5E001A9981 /* Bus Routes.kml */ = {isa = PBXFileReference; fileEncoding = 4; lastKnownFileType = text.xml; path = "Bus Routes.kml"; sourceTree = "<group>"; };
		04C7C2D717E4BE5E001A9981 /* sample.plist */ = {isa = PBXFileReference; fileEncoding = 4; lastKnownFileType = text.plist.xml; path = sample.plist; sourceTree = "<group>"; };
		04C7C2DB17E4BFB9001A9981 /* RegionZoomData.h */ = {isa = PBXFileReference; lastKnownFileType = sourcecode.c.h; path = RegionZoomData.h; sourceTree = "<group>"; };
		04C7C2DC17E4BFB9001A9981 /* RegionZoomData.m */ = {isa = PBXFileReference; lastKnownFileType = sourcecode.c.objc; path = RegionZoomData.m; sourceTree = "<group>"; };
		04C7C2DE17E4F3D2001A9981 /* QuartzCore.framework */ = {isa = PBXFileReference; lastKnownFileType = wrapper.framework; name = QuartzCore.framework; path = System/Library/Frameworks/QuartzCore.framework; sourceTree = SDKROOT; };
		04C7C2E017E5024C001A9981 /* Icon-Small.png */ = {isa = PBXFileReference; lastKnownFileType = image.png; path = "Icon-Small.png"; sourceTree = "<group>"; };
		04C7C2E117E5024C001A9981 /* Icon-Small@2x.png */ = {isa = PBXFileReference; lastKnownFileType = image.png; path = "Icon-Small@2x.png"; sourceTree = "<group>"; };
		04C7C2E817E50288001A9981 /* Icon.png */ = {isa = PBXFileReference; lastKnownFileType = image.png; path = Icon.png; sourceTree = "<group>"; };
		04C7C2EA17E5029E001A9981 /* Icon@2x.png */ = {isa = PBXFileReference; lastKnownFileType = image.png; path = "Icon@2x.png"; sourceTree = "<group>"; };
		04C7C2EC17E51BC8001A9981 /* BusRoutesCollectionViewController.h */ = {isa = PBXFileReference; fileEncoding = 4; lastKnownFileType = sourcecode.c.h; path = BusRoutesCollectionViewController.h; sourceTree = "<group>"; };
		04C7C2ED17E51BC8001A9981 /* BusRoutesCollectionViewController.m */ = {isa = PBXFileReference; fileEncoding = 4; lastKnownFileType = sourcecode.c.objc; path = BusRoutesCollectionViewController.m; sourceTree = "<group>"; };
		04C7C2EE17E51BC9001A9981 /* BusRoutesCollectionViewController.xib */ = {isa = PBXFileReference; fileEncoding = 4; lastKnownFileType = file.xib; path = BusRoutesCollectionViewController.xib; sourceTree = "<group>"; };
		04C7C2F117E53B8E001A9981 /* Bus.h */ = {isa = PBXFileReference; fileEncoding = 4; lastKnownFileType = sourcecode.c.h; path = Bus.h; sourceTree = "<group>"; };
		04C7C2F217E53B8E001A9981 /* Bus.m */ = {isa = PBXFileReference; fileEncoding = 4; lastKnownFileType = sourcecode.c.objc; path = Bus.m; sourceTree = "<group>"; };
		04C7C2F617E5495D001A9981 /* dot0@2x.png */ = {isa = PBXFileReference; lastKnownFileType = image.png; path = "dot0@2x.png"; sourceTree = "<group>"; };
		04C7C2F817E54963001A9981 /* dot0.png */ = {isa = PBXFileReference; lastKnownFileType = image.png; path = dot0.png; sourceTree = "<group>"; };
		04D13F4B181DF2CD002F0398 /* backGroundMenuSmall@2x.jpg */ = {isa = PBXFileReference; lastKnownFileType = image.jpeg; path = "backGroundMenuSmall@2x.jpg"; sourceTree = "<group>"; };
		04D13F4D181DF479002F0398 /* myDestinationButtonSmall@2x.png */ = {isa = PBXFileReference; lastKnownFileType = image.png; path = "myDestinationButtonSmall@2x.png"; sourceTree = "<group>"; };
		04D13F4E181DF479002F0398 /* myFavoriteButtonSmall@2x.png */ = {isa = PBXFileReference; lastKnownFileType = image.png; path = "myFavoriteButtonSmall@2x.png"; sourceTree = "<group>"; };
		04D13F4F181DF479002F0398 /* trackMyBusButtonSmall@2x.png */ = {isa = PBXFileReference; lastKnownFileType = image.png; path = "trackMyBusButtonSmall@2x.png"; sourceTree = "<group>"; };
		04D13F53181DF796002F0398 /* homeButtonHighlightedSmall@2x.png */ = {isa = PBXFileReference; lastKnownFileType = image.png; path = "homeButtonHighlightedSmall@2x.png"; sourceTree = "<group>"; };
		04D13F54181DF796002F0398 /* homeButtonSmall@2x.png */ = {isa = PBXFileReference; lastKnownFileType = image.png; path = "homeButtonSmall@2x.png"; sourceTree = "<group>"; };
		04D13F57181DF98D002F0398 /* backGroundOnMyWaySmall@2x.jpg */ = {isa = PBXFileReference; lastKnownFileType = image.jpeg; path = "backGroundOnMyWaySmall@2x.jpg"; sourceTree = "<group>"; };
		04D13F59181DF9B5002F0398 /* backGroundTrackSmall@2x.jpg */ = {isa = PBXFileReference; lastKnownFileType = image.jpeg; path = "backGroundTrackSmall@2x.jpg"; sourceTree = "<group>"; };
		04E115451818B63900EF8DFD /* StopDisplayViewControllerSmall.xib */ = {isa = PBXFileReference; fileEncoding = 4; lastKnownFileType = file.xib; path = StopDisplayViewControllerSmall.xib; sourceTree = "<group>"; };
		04E9586E17F6340900DD72AD /* AFHTTPClient.h */ = {isa = PBXFileReference; fileEncoding = 4; lastKnownFileType = sourcecode.c.h; path = AFHTTPClient.h; sourceTree = "<group>"; };
		04E9586F17F6340900DD72AD /* AFHTTPClient.m */ = {isa = PBXFileReference; fileEncoding = 4; lastKnownFileType = sourcecode.c.objc; path = AFHTTPClient.m; sourceTree = "<group>"; };
		04E9587017F6340900DD72AD /* AFHTTPRequestOperation.h */ = {isa = PBXFileReference; fileEncoding = 4; lastKnownFileType = sourcecode.c.h; path = AFHTTPRequestOperation.h; sourceTree = "<group>"; };
		04E9587117F6340900DD72AD /* AFHTTPRequestOperation.m */ = {isa = PBXFileReference; fileEncoding = 4; lastKnownFileType = sourcecode.c.objc; path = AFHTTPRequestOperation.m; sourceTree = "<group>"; };
		04E9587217F6340900DD72AD /* AFImageRequestOperation.h */ = {isa = PBXFileReference; fileEncoding = 4; lastKnownFileType = sourcecode.c.h; path = AFImageRequestOperation.h; sourceTree = "<group>"; };
		04E9587317F6340900DD72AD /* AFImageRequestOperation.m */ = {isa = PBXFileReference; fileEncoding = 4; lastKnownFileType = sourcecode.c.objc; path = AFImageRequestOperation.m; sourceTree = "<group>"; };
		04E9587417F6340900DD72AD /* AFJSONRequestOperation.h */ = {isa = PBXFileReference; fileEncoding = 4; lastKnownFileType = sourcecode.c.h; path = AFJSONRequestOperation.h; sourceTree = "<group>"; };
		04E9587517F6340900DD72AD /* AFJSONRequestOperation.m */ = {isa = PBXFileReference; fileEncoding = 4; lastKnownFileType = sourcecode.c.objc; path = AFJSONRequestOperation.m; sourceTree = "<group>"; };
		04E9587617F6340900DD72AD /* AFNetworkActivityIndicatorManager.h */ = {isa = PBXFileReference; fileEncoding = 4; lastKnownFileType = sourcecode.c.h; path = AFNetworkActivityIndicatorManager.h; sourceTree = "<group>"; };
		04E9587717F6340900DD72AD /* AFNetworkActivityIndicatorManager.m */ = {isa = PBXFileReference; fileEncoding = 4; lastKnownFileType = sourcecode.c.objc; path = AFNetworkActivityIndicatorManager.m; sourceTree = "<group>"; };
		04E9587817F6340900DD72AD /* AFNetworking.h */ = {isa = PBXFileReference; fileEncoding = 4; lastKnownFileType = sourcecode.c.h; path = AFNetworking.h; sourceTree = "<group>"; };
		04E9587917F6340900DD72AD /* AFPropertyListRequestOperation.h */ = {isa = PBXFileReference; fileEncoding = 4; lastKnownFileType = sourcecode.c.h; path = AFPropertyListRequestOperation.h; sourceTree = "<group>"; };
		04E9587A17F6340900DD72AD /* AFPropertyListRequestOperation.m */ = {isa = PBXFileReference; fileEncoding = 4; lastKnownFileType = sourcecode.c.objc; path = AFPropertyListRequestOperation.m; sourceTree = "<group>"; };
		04E9587B17F6340900DD72AD /* AFURLConnectionOperation.h */ = {isa = PBXFileReference; fileEncoding = 4; lastKnownFileType = sourcecode.c.h; path = AFURLConnectionOperation.h; sourceTree = "<group>"; };
		04E9587C17F6340900DD72AD /* AFURLConnectionOperation.m */ = {isa = PBXFileReference; fileEncoding = 4; lastKnownFileType = sourcecode.c.objc; path = AFURLConnectionOperation.m; sourceTree = "<group>"; };
		04E9587D17F6340900DD72AD /* AFXMLRequestOperation.h */ = {isa = PBXFileReference; fileEncoding = 4; lastKnownFileType = sourcecode.c.h; path = AFXMLRequestOperation.h; sourceTree = "<group>"; };
		04E9587E17F6340900DD72AD /* AFXMLRequestOperation.m */ = {isa = PBXFileReference; fileEncoding = 4; lastKnownFileType = sourcecode.c.objc; path = AFXMLRequestOperation.m; sourceTree = "<group>"; };
		04E9587F17F6340900DD72AD /* UIImageView+AFNetworking.h */ = {isa = PBXFileReference; fileEncoding = 4; lastKnownFileType = sourcecode.c.h; path = "UIImageView+AFNetworking.h"; sourceTree = "<group>"; };
		04E9588017F6340900DD72AD /* UIImageView+AFNetworking.m */ = {isa = PBXFileReference; fileEncoding = 4; lastKnownFileType = sourcecode.c.objc; path = "UIImageView+AFNetworking.m"; sourceTree = "<group>"; };
		04E9588A17F6347A00DD72AD /* MobileCoreServices.framework */ = {isa = PBXFileReference; lastKnownFileType = wrapper.framework; name = MobileCoreServices.framework; path = System/Library/Frameworks/MobileCoreServices.framework; sourceTree = SDKROOT; };
/* End PBXFileReference section */

/* Begin PBXFrameworksBuildPhase section */
		04C7C27317E3D7D9001A9981 /* Frameworks */ = {
			isa = PBXFrameworksBuildPhase;
			buildActionMask = 2147483647;
			files = (
				047443F517F74EBB00436B4B /* CoreData.framework in Frameworks */,
				04E9588B17F6347A00DD72AD /* MobileCoreServices.framework in Frameworks */,
				04602CE217EF6C2E002BE30D /* SystemConfiguration.framework in Frameworks */,
				04C7C2DF17E4F3D3001A9981 /* QuartzCore.framework in Frameworks */,
				04C7C2C617E4A47C001A9981 /* CoreLocation.framework in Frameworks */,
				04C7C2C417E4A474001A9981 /* MapKit.framework in Frameworks */,
				04C7C27A17E3D7D9001A9981 /* UIKit.framework in Frameworks */,
				04C7C27C17E3D7D9001A9981 /* Foundation.framework in Frameworks */,
				04C7C27E17E3D7D9001A9981 /* CoreGraphics.framework in Frameworks */,
				04C7C2C817E4BB16001A9981 /* KML.framework in Frameworks */,
				04C7C2CA17E4BB1E001A9981 /* libxml2.2.dylib in Frameworks */,
			);
			runOnlyForDeploymentPostprocessing = 0;
		};
/* End PBXFrameworksBuildPhase section */

/* Begin PBXGroup section */
		041902201800C93C00D79040 /* Images */ = {
			isa = PBXGroup;
			children = (
				041902211800C93C00D79040 /* HomePage */,
				041902291800C93C00D79040 /* Loadingpage */,
				0419022D1800C93C00D79040 /* Onmyway */,
				041902351800C93C00D79040 /* Trackmybus */,
			);
			path = Images;
			sourceTree = "<group>";
		};
		041902211800C93C00D79040 /* HomePage */ = {
			isa = PBXGroup;
			children = (
				04D13F4B181DF2CD002F0398 /* backGroundMenuSmall@2x.jpg */,
				0419026F1800E14500D79040 /* upToDownButton@2x.png */,
				041902651800CF6300D79040 /* aboutButton@2x.png */,
				041902661800CF6300D79040 /* aboutButtonHighlighted@2x.png */,
				04D13F4D181DF479002F0398 /* myDestinationButtonSmall@2x.png */,
				04D13F4E181DF479002F0398 /* myFavoriteButtonSmall@2x.png */,
				04D13F4F181DF479002F0398 /* trackMyBusButtonSmall@2x.png */,
				041902671800CF6300D79040 /* aboutScreen@2x.jpg */,
				041902241800C93C00D79040 /* backGroundMenu@2x.jpg */,
				041902251800C93C00D79040 /* myDestinationButton@2x.png */,
				041902261800C93C00D79040 /* myFavoriteButton@2x.png */,
				041902271800C93C00D79040 /* trackMyBusButton@2x.png */,
			);
			path = HomePage;
			sourceTree = "<group>";
		};
		041902291800C93C00D79040 /* Loadingpage */ = {
			isa = PBXGroup;
			children = (
				0419022A1800C93C00D79040 /* Default-568h@2x.png */,
				0419022B1800C93C00D79040 /* introImage1@2x.jpg */,
				0419022C1800C93C00D79040 /* introImage2@2x.jpg */,
			);
			path = Loadingpage;
			sourceTree = "<group>";
		};
		0419022D1800C93C00D79040 /* Onmyway */ = {
			isa = PBXGroup;
			children = (
				04D13F57181DF98D002F0398 /* backGroundOnMyWaySmall@2x.jpg */,
				04210929181A043E004539B4 /* Stop@2x.png */,
				0419022E1800C93C00D79040 /* backGroundOnMyWay@2x.jpg */,
				0419022F1800C93C00D79040 /* downToUp@2x.png */,
				041902301800C93C00D79040 /* onMyWay@2x.png */,
				041902741800FD5700D79040 /* onMyWayButton@2x.png */,
				041902751800FD5700D79040 /* onMyWayHighlighted@2x.png */,
				041902311800C93C00D79040 /* sending1.png */,
				041902321800C93C00D79040 /* sending2.png */,
				041902331800C93C00D79040 /* sending3.png */,
				041902341800C93C00D79040 /* sending@2x.png */,
			);
			path = Onmyway;
			sourceTree = "<group>";
		};
		041902351800C93C00D79040 /* Trackmybus */ = {
			isa = PBXGroup;
			children = (
				04D13F59181DF9B5002F0398 /* backGroundTrackSmall@2x.jpg */,
				04D13F53181DF796002F0398 /* homeButtonHighlightedSmall@2x.png */,
				04D13F54181DF796002F0398 /* homeButtonSmall@2x.png */,
				041902361800C93C00D79040 /* backGroundTrack@2x.jpg */,
				041902371800C93C00D79040 /* BusNumberPage */,
				0419023B1800C93C00D79040 /* homeButton@2x.png */,
				0419023C1800C93C00D79040 /* homeButtonHighlighted@2x.png */,
				0419023D1800C93C00D79040 /* MapPage */,
				041902431800C93C00D79040 /* route@2x.png */,
				041902441800C93C00D79040 /* submitButton@2x.png */,
				041902451800C93C00D79040 /* submitButtonHighlighted@2x.png */,
			);
			path = Trackmybus;
			sourceTree = "<group>";
		};
		041902371800C93C00D79040 /* BusNumberPage */ = {
			isa = PBXGroup;
			children = (
				041902381800C93C00D79040 /* backGround@2x.jpg */,
				0419023A1800C93C00D79040 /* cellBackGround@2x.png */,
			);
			path = BusNumberPage;
			sourceTree = "<group>";
		};
		0419023D1800C93C00D79040 /* MapPage */ = {
			isa = PBXGroup;
			children = (
				041902401800C93C00D79040 /* routeButton@2x.png */,
				041902411800C93C00D79040 /* routeButtonHighlighted@2x.png */,
			);
			path = MapPage;
			sourceTree = "<group>";
		};
		0447EBE017FA512C00A91D60 /* Views */ = {
			isa = PBXGroup;
			children = (
				0447EBE317FA516F00A91D60 /* Nibs */,
				0447EBE417FA519600A91D60 /* TableCell.h */,
				0447EBE517FA519600A91D60 /* TableCell.m */,
				04C56764181742D500D04131 /* FavoriteCell.h */,
				04C56765181742D500D04131 /* FavoriteCell.m */,
				048F13A717ED10E90011ABC7 /* BusRouteViewCell.h */,
				048F13A817ED10E90011ABC7 /* BusRouteViewCell.m */,
			);
			name = Views;
			sourceTree = "<group>";
		};
		0447EBE317FA516F00A91D60 /* Nibs */ = {
			isa = PBXGroup;
			children = (
				048F13AC17ED19AA0011ABC7 /* BusRouteViewCell.xib */,
				04C5676218173ED900D04131 /* FavoriteCell.xib */,
				0447EBE117FA514300A91D60 /* TableCell.xib */,
				0419026B1800D07700D79040 /* AboutScreen.xib */,
				04785CE9180F5E0B0024A61B /* AboutScreenSmall.xib */,
			);
			name = Nibs;
			sourceTree = "<group>";
		};
		04C7C26D17E3D7D9001A9981 = {
			isa = PBXGroup;
			children = (
				04C7C2EA17E5029E001A9981 /* Icon@2x.png */,
				04C7C2E817E50288001A9981 /* Icon.png */,
				04C7C27F17E3D7D9001A9981 /* Busted */,
				04C7C27817E3D7D9001A9981 /* Frameworks */,
				04C7C27717E3D7D9001A9981 /* Products */,
			);
			sourceTree = "<group>";
		};
		04C7C27717E3D7D9001A9981 /* Products */ = {
			isa = PBXGroup;
			children = (
				04C7C27617E3D7D9001A9981 /* Busted.app */,
			);
			name = Products;
			sourceTree = "<group>";
		};
		04C7C27817E3D7D9001A9981 /* Frameworks */ = {
			isa = PBXGroup;
			children = (
				047443F417F74EBB00436B4B /* CoreData.framework */,
				04E9588A17F6347A00DD72AD /* MobileCoreServices.framework */,
				04602CE117EF6C2E002BE30D /* SystemConfiguration.framework */,
				04C7C2C917E4BB1E001A9981 /* libxml2.2.dylib */,
				04C7C2C717E4BB16001A9981 /* KML.framework */,
				04C7C2C517E4A47B001A9981 /* CoreLocation.framework */,
				04C7C2C317E4A473001A9981 /* MapKit.framework */,
				04C7C27917E3D7D9001A9981 /* UIKit.framework */,
				04C7C2DE17E4F3D2001A9981 /* QuartzCore.framework */,
				04C7C27B17E3D7D9001A9981 /* Foundation.framework */,
				04C7C27D17E3D7D9001A9981 /* CoreGraphics.framework */,
			);
			name = Frameworks;
			sourceTree = "<group>";
		};
		04C7C27F17E3D7D9001A9981 /* Busted */ = {
			isa = PBXGroup;
			children = (
				0447EBE017FA512C00A91D60 /* Views */,
				04E9586D17F6340900DD72AD /* AFNetworking */,
				04C7C2D417E4BE43001A9981 /* Resources */,
				04C7C2CC17E4BC1F001A9981 /* Objects */,
				04C7C2A517E3E969001A9981 /* DataFiles */,
				04C7C29C17E3DF96001A9981 /* ViewControllers */,
				04C7C28817E3D7D9001A9981 /* AppDelegate.h */,
				04C7C28917E3D7D9001A9981 /* AppDelegate.m */,
				041902711800F40700D79040 /* TLTransitionAnimator.h */,
				041902721800F40700D79040 /* TLTransitionAnimator.m */,
				04C7C29117E3D7D9001A9981 /* ViewController.h */,
				04C7C29217E3D7D9001A9981 /* ViewController.m */,
				04C7C29417E3D7D9001A9981 /* ViewController.xib */,
				04C7C28017E3D7D9001A9981 /* Supporting Files */,
			);
			path = Busted;
			sourceTree = "<group>";
		};
		04C7C28017E3D7D9001A9981 /* Supporting Files */ = {
			isa = PBXGroup;
			children = (
				04C7C28117E3D7D9001A9981 /* Busted-Info.plist */,
				04C7C28217E3D7D9001A9981 /* InfoPlist.strings */,
				04C7C28517E3D7D9001A9981 /* main.m */,
				04C7C28717E3D7D9001A9981 /* Busted-Prefix.pch */,
				04C7C28B17E3D7D9001A9981 /* Default.png */,
			);
			name = "Supporting Files";
			sourceTree = "<group>";
		};
		04C7C29C17E3DF96001A9981 /* ViewControllers */ = {
			isa = PBXGroup;
			children = (
				04C7C2B817E49F70001A9981 /* Nibs */,
				0447EBDB17FA4A5B00A91D60 /* StopDisplayViewController.h */,
				0447EBDC17FA4A5B00A91D60 /* StopDisplayViewController.m */,
				04C7C29D17E3DFC3001A9981 /* MenuViewController.h */,
				04C7C29E17E3DFC3001A9981 /* MenuViewController.m */,
				04602CF017EFCE0D002BE30D /* FavoritesViewController.h */,
				04602CF117EFCE0D002BE30D /* FavoritesViewController.m */,
				04C7C2A217E3E383001A9981 /* BustedNavigationController.h */,
				04C7C2A317E3E383001A9981 /* BustedNavigationController.m */,
				04C7C2AB17E3E9C5001A9981 /* RoutesViewController.h */,
				04C7C2AC17E3E9C5001A9981 /* RoutesViewController.m */,
				04C7C2B017E48B8D001A9981 /* ParentViewController.h */,
				04C7C2B117E48B8D001A9981 /* ParentViewController.m */,
				04C7C2B317E49CD5001A9981 /* TrackViewController.h */,
				04C7C2B417E49CD5001A9981 /* TrackViewController.m */,
				04C7C2BE17E4A1B8001A9981 /* MapViewController.h */,
				04C7C2BF17E4A1B9001A9981 /* MapViewController.m */,
				04602CE317EF809E002BE30D /* LoadingScreenViewController.h */,
				04602CE417EF809E002BE30D /* LoadingScreenViewController.m */,
				04C7C2EC17E51BC8001A9981 /* BusRoutesCollectionViewController.h */,
				04C7C2ED17E51BC8001A9981 /* BusRoutesCollectionViewController.m */,
			);
			name = ViewControllers;
			sourceTree = "<group>";
		};
		04C7C2A517E3E969001A9981 /* DataFiles */ = {
			isa = PBXGroup;
			children = (
				04C7C2A617E3E977001A9981 /* DataReader.h */,
				04C7C2A717E3E977001A9981 /* DataReader.m */,
				04C7C2DB17E4BFB9001A9981 /* RegionZoomData.h */,
				04C7C2DC17E4BFB9001A9981 /* RegionZoomData.m */,
				04B9202217F396C50063E384 /* WebApiInterface.h */,
				04B9202317F396C50063E384 /* WebApiInterface.m */,
				041915A317F72C9100E68CC2 /* DataModel.xcdatamodeld */,
			);
			name = DataFiles;
			sourceTree = "<group>";
		};
		04C7C2B817E49F70001A9981 /* Nibs */ = {
			isa = PBXGroup;
			children = (
				0447EBDD17FA4A5B00A91D60 /* StopDisplayViewController.xib */,
				04E115451818B63900EF8DFD /* StopDisplayViewControllerSmall.xib */,
				04C7C2EE17E51BC9001A9981 /* BusRoutesCollectionViewController.xib */,
				04C7C2C017E4A1B9001A9981 /* MapViewController.xib */,
				04785CE1180F4E4D0024A61B /* MapViewControllerSmall.xib */,
				04602CE517EF809E002BE30D /* LoadingScreenViewController.xib */,
				04785CE7180F5DA20024A61B /* LoadingScreenViewControllerSmall.xib */,
				04C7C2BB17E49F8F001A9981 /* FavoritesViewController.xib */,
				04785CDF180F4D5F0024A61B /* FavoritesViewControllerSmall.xib */,
				04C7C29F17E3DFC3001A9981 /* MenuViewController.xib */,
				04785CDD180F48940024A61B /* MenuViewControllerSmall.xib */,
				04C7C2AD17E3E9C5001A9981 /* RoutesViewController.xib */,
				04785CE3180F51E10024A61B /* RoutesViewControllerSmall.xib */,
				04C7C2B517E49CD5001A9981 /* TrackViewController.xib */,
				04785CE5180F54060024A61B /* TrackViewControllerSmall.xib */,
			);
			name = Nibs;
			sourceTree = "<group>";
		};
		04C7C2CC17E4BC1F001A9981 /* Objects */ = {
			isa = PBXGroup;
			children = (
				04602CDE17EF6BBB002BE30D /* Reachability.h */,
				04602CDF17EF6BBB002BE30D /* Reachability.m */,
				04C7C2CD17E4BC33001A9981 /* BusStop.h */,
				04C7C2CE17E4BC33001A9981 /* BusStop.m */,
				04C7C2CF17E4BC33001A9981 /* BusRoute.h */,
				04C7C2D017E4BC33001A9981 /* BusRoute.m */,
				04C7C2D117E4BC33001A9981 /* Enums.h */,
				04C7C2F117E53B8E001A9981 /* Bus.h */,
				04C7C2F217E53B8E001A9981 /* Bus.m */,
				04C06E3317F7347F00C120C7 /* Stop.h */,
				04C06E3417F7347F00C120C7 /* Stop.m */,
				04C06E3617F734A900C120C7 /* Trip.h */,
				04C06E3717F734A900C120C7 /* Trip.m */,
				04C06E3917F734B900C120C7 /* Route.h */,
				04C06E3A17F734B900C120C7 /* Route.m */,
				0419021D180082C500D79040 /* MyRoute.h */,
				0419021E180082C500D79040 /* MyRoute.m */,
				041FACB817FBA967004F21EF /* Routes.h */,
				041FACB917FBA967004F21EF /* Routes.m */,
				04785CEB180F6AD20024A61B /* macros.h */,
			);
			name = Objects;
			sourceTree = "<group>";
		};
		04C7C2D417E4BE43001A9981 /* Resources */ = {
			isa = PBXGroup;
			children = (
				041902201800C93C00D79040 /* Images */,
				04C7C2F817E54963001A9981 /* dot0.png */,
				0492BBFB180E153600914847 /* busStop@2x.png */,
				0421091D1819FAA6004539B4 /* open-up-arrow.png */,
				0421091E1819FAA6004539B4 /* open-up-arrow@2x.png */,
				042109211819FBE4004539B4 /* routes.png */,
				042109221819FBE4004539B4 /* routes@2x.png */,
				042109231819FBE4004539B4 /* stops.png */,
				042109241819FBE4004539B4 /* stops@2x.png */,
				04C56767181743BD00D04131 /* MenuStarOff.png */,
				04C56768181743BD00D04131 /* MenuStarOff@2x.png */,
				042109191819C1AA004539B4 /* bus-number.png */,
				0421091A1819C1AA004539B4 /* bus-number@2x.png */,
				04C56769181743BD00D04131 /* MenuStarOn.png */,
				04C5676A181743BD00D04131 /* MenuStarOn@2x.png */,
				04C7C2F617E5495D001A9981 /* dot0@2x.png */,
				04C7C2E017E5024C001A9981 /* Icon-Small.png */,
				04C7C2E117E5024C001A9981 /* Icon-Small@2x.png */,
				04C7C2D517E4BE5E001A9981 /* Bus Stops.kml */,
				04C7C2D617E4BE5E001A9981 /* Bus Routes.kml */,
				04C7C2D717E4BE5E001A9981 /* sample.plist */,
			);
			name = Resources;
			sourceTree = "<group>";
		};
		04E9586D17F6340900DD72AD /* AFNetworking */ = {
			isa = PBXGroup;
			children = (
				04E9586E17F6340900DD72AD /* AFHTTPClient.h */,
				04E9586F17F6340900DD72AD /* AFHTTPClient.m */,
				04E9587017F6340900DD72AD /* AFHTTPRequestOperation.h */,
				04E9587117F6340900DD72AD /* AFHTTPRequestOperation.m */,
				04E9587217F6340900DD72AD /* AFImageRequestOperation.h */,
				04E9587317F6340900DD72AD /* AFImageRequestOperation.m */,
				04E9587417F6340900DD72AD /* AFJSONRequestOperation.h */,
				04E9587517F6340900DD72AD /* AFJSONRequestOperation.m */,
				04E9587617F6340900DD72AD /* AFNetworkActivityIndicatorManager.h */,
				04E9587717F6340900DD72AD /* AFNetworkActivityIndicatorManager.m */,
				04E9587817F6340900DD72AD /* AFNetworking.h */,
				04E9587917F6340900DD72AD /* AFPropertyListRequestOperation.h */,
				04E9587A17F6340900DD72AD /* AFPropertyListRequestOperation.m */,
				04E9587B17F6340900DD72AD /* AFURLConnectionOperation.h */,
				04E9587C17F6340900DD72AD /* AFURLConnectionOperation.m */,
				04E9587D17F6340900DD72AD /* AFXMLRequestOperation.h */,
				04E9587E17F6340900DD72AD /* AFXMLRequestOperation.m */,
				04E9587F17F6340900DD72AD /* UIImageView+AFNetworking.h */,
				04E9588017F6340900DD72AD /* UIImageView+AFNetworking.m */,
			);
			path = AFNetworking;
			sourceTree = "<group>";
		};
/* End PBXGroup section */

/* Begin PBXNativeTarget section */
		04C7C27517E3D7D9001A9981 /* Busted */ = {
			isa = PBXNativeTarget;
			buildConfigurationList = 04C7C29917E3D7D9001A9981 /* Build configuration list for PBXNativeTarget "Busted" */;
			buildPhases = (
				04C7C27217E3D7D9001A9981 /* Sources */,
				04C7C27317E3D7D9001A9981 /* Frameworks */,
				04C7C27417E3D7D9001A9981 /* Resources */,
			);
			buildRules = (
			);
			dependencies = (
			);
			name = Busted;
			productName = Busted;
			productReference = 04C7C27617E3D7D9001A9981 /* Busted.app */;
			productType = "com.apple.product-type.application";
		};
/* End PBXNativeTarget section */

/* Begin PBXProject section */
		04C7C26E17E3D7D9001A9981 /* Project object */ = {
			isa = PBXProject;
			attributes = {
				LastUpgradeCheck = 0500;
				ORGANIZATIONNAME = "Aaron Eisses";
			};
			buildConfigurationList = 04C7C27117E3D7D9001A9981 /* Build configuration list for PBXProject "Busted" */;
			compatibilityVersion = "Xcode 3.2";
			developmentRegion = English;
			hasScannedForEncodings = 0;
			knownRegions = (
				en,
			);
			mainGroup = 04C7C26D17E3D7D9001A9981;
			productRefGroup = 04C7C27717E3D7D9001A9981 /* Products */;
			projectDirPath = "";
			projectRoot = "";
			targets = (
				04C7C27517E3D7D9001A9981 /* Busted */,
			);
		};
/* End PBXProject section */

/* Begin PBXResourcesBuildPhase section */
		04C7C27417E3D7D9001A9981 /* Resources */ = {
			isa = PBXResourcesBuildPhase;
			buildActionMask = 2147483647;
			files = (
				04D13F51181DF479002F0398 /* myFavoriteButtonSmall@2x.png in Resources */,
				0419026C1800D07700D79040 /* AboutScreen.xib in Resources */,
				041902761800FD5700D79040 /* onMyWayButton@2x.png in Resources */,
				04C7C28417E3D7D9001A9981 /* InfoPlist.strings in Resources */,
				041902571800C93C00D79040 /* backGroundTrack@2x.jpg in Resources */,
				04C7C28C17E3D7D9001A9981 /* Default.png in Resources */,
				04D13F5A181DF9B5002F0398 /* backGroundTrackSmall@2x.jpg in Resources */,
				04D13F58181DF98D002F0398 /* backGroundOnMyWaySmall@2x.jpg in Resources */,
				04C7C29617E3D7D9001A9981 /* ViewController.xib in Resources */,
				041902641800C93C00D79040 /* submitButtonHighlighted@2x.png in Resources */,
				04602CE717EF809E002BE30D /* LoadingScreenViewController.xib in Resources */,
				042109201819FAA6004539B4 /* open-up-arrow@2x.png in Resources */,
				04785CE0180F4D5F0024A61B /* FavoritesViewControllerSmall.xib in Resources */,
				041902681800CF6300D79040 /* aboutButton@2x.png in Resources */,
				04C7C2A117E3DFC3001A9981 /* MenuViewController.xib in Resources */,
				04C7C2AF17E3E9C5001A9981 /* RoutesViewController.xib in Resources */,
				04C7C2B717E49CD5001A9981 /* TrackViewController.xib in Resources */,
				04C5676318173ED900D04131 /* FavoriteCell.xib in Resources */,
				04C7C2BD17E49F90001A9981 /* FavoritesViewController.xib in Resources */,
				041902691800CF6300D79040 /* aboutButtonHighlighted@2x.png in Resources */,
				041902701800E14500D79040 /* upToDownButton@2x.png in Resources */,
				04C7C2C217E4A1B9001A9981 /* MapViewController.xib in Resources */,
				04C7C2D817E4BE5E001A9981 /* Bus Stops.kml in Resources */,
				0492BBFC180E153600914847 /* busStop@2x.png in Resources */,
				04C5676D181743BD00D04131 /* MenuStarOn.png in Resources */,
				041902601800C93C00D79040 /* routeButtonHighlighted@2x.png in Resources */,
				04C7C2D917E4BE5E001A9981 /* Bus Routes.kml in Resources */,
				042109281819FBE4004539B4 /* stops@2x.png in Resources */,
				041902481800C93C00D79040 /* backGroundMenu@2x.jpg in Resources */,
				041902631800C93C00D79040 /* submitButton@2x.png in Resources */,
				04D13F4C181DF2CD002F0398 /* backGroundMenuSmall@2x.jpg in Resources */,
				041902621800C93C00D79040 /* route@2x.png in Resources */,
				04D13F55181DF796002F0398 /* homeButtonHighlightedSmall@2x.png in Resources */,
				041902531800C93C00D79040 /* sending1.png in Resources */,
				04C7C2DA17E4BE5E001A9981 /* sample.plist in Resources */,
				04785CE4180F51E10024A61B /* RoutesViewControllerSmall.xib in Resources */,
				04C5676B181743BD00D04131 /* MenuStarOff.png in Resources */,
				0419024D1800C93C00D79040 /* Default-568h@2x.png in Resources */,
				04D13F52181DF479002F0398 /* trackMyBusButtonSmall@2x.png in Resources */,
				0419024B1800C93C00D79040 /* trackMyBusButton@2x.png in Resources */,
				042109261819FBE4004539B4 /* routes@2x.png in Resources */,
				04C7C2E417E5024C001A9981 /* Icon-Small.png in Resources */,
				041902521800C93C00D79040 /* onMyWay@2x.png in Resources */,
				04D13F56181DF796002F0398 /* homeButtonSmall@2x.png in Resources */,
				04C7C2E517E5024C001A9981 /* Icon-Small@2x.png in Resources */,
				04C7C2E917E50288001A9981 /* Icon.png in Resources */,
				0421091F1819FAA6004539B4 /* open-up-arrow.png in Resources */,
				0447EBE217FA514300A91D60 /* TableCell.xib in Resources */,
				0419024A1800C93C00D79040 /* myFavoriteButton@2x.png in Resources */,
				042109271819FBE4004539B4 /* stops.png in Resources */,
				04785CEA180F5E0B0024A61B /* AboutScreenSmall.xib in Resources */,
				04C7C2EB17E5029E001A9981 /* Icon@2x.png in Resources */,
				04C7C2F017E51BC9001A9981 /* BusRoutesCollectionViewController.xib in Resources */,
				041902581800C93C00D79040 /* backGround@2x.jpg in Resources */,
				041902561800C93C00D79040 /* sending@2x.png in Resources */,
				04785CE6180F54060024A61B /* TrackViewControllerSmall.xib in Resources */,
				04785CDE180F48940024A61B /* MenuViewControllerSmall.xib in Resources */,
				0419025B1800C93C00D79040 /* homeButton@2x.png in Resources */,
				04785CE2180F4E4D0024A61B /* MapViewControllerSmall.xib in Resources */,
				04785CE8180F5DA20024A61B /* LoadingScreenViewControllerSmall.xib in Resources */,
				04C7C2F717E5495D001A9981 /* dot0@2x.png in Resources */,
				04D13F50181DF479002F0398 /* myDestinationButtonSmall@2x.png in Resources */,
				04C7C2F917E54963001A9981 /* dot0.png in Resources */,
				04C5676E181743BD00D04131 /* MenuStarOn@2x.png in Resources */,
				041902491800C93C00D79040 /* myDestinationButton@2x.png in Resources */,
				041902511800C93C00D79040 /* downToUp@2x.png in Resources */,
				0421091C1819C1AA004539B4 /* bus-number@2x.png in Resources */,
				041902771800FD5700D79040 /* onMyWayHighlighted@2x.png in Resources */,
				04E115461818B63900EF8DFD /* StopDisplayViewControllerSmall.xib in Resources */,
				0447EBDF17FA4A5B00A91D60 /* StopDisplayViewController.xib in Resources */,
				0419024F1800C93C00D79040 /* introImage2@2x.jpg in Resources */,
				0419025A1800C93C00D79040 /* cellBackGround@2x.png in Resources */,
				0419024E1800C93C00D79040 /* introImage1@2x.jpg in Resources */,
				0419025C1800C93C00D79040 /* homeButtonHighlighted@2x.png in Resources */,
				0421092A181A043E004539B4 /* Stop@2x.png in Resources */,
				042109251819FBE4004539B4 /* routes.png in Resources */,
				04C5676C181743BD00D04131 /* MenuStarOff@2x.png in Resources */,
				0421091B1819C1AA004539B4 /* bus-number.png in Resources */,
				0419026A1800CF6300D79040 /* aboutScreen@2x.jpg in Resources */,
				041902501800C93C00D79040 /* backGroundOnMyWay@2x.jpg in Resources */,
				0419025F1800C93C00D79040 /* routeButton@2x.png in Resources */,
				048F13AD17ED19AA0011ABC7 /* BusRouteViewCell.xib in Resources */,
				041902551800C93C00D79040 /* sending3.png in Resources */,
				041902541800C93C00D79040 /* sending2.png in Resources */,
			);
			runOnlyForDeploymentPostprocessing = 0;
		};
/* End PBXResourcesBuildPhase section */

/* Begin PBXSourcesBuildPhase section */
		04C7C27217E3D7D9001A9981 /* Sources */ = {
			isa = PBXSourcesBuildPhase;
			buildActionMask = 2147483647;
			files = (
				04C06E3817F734A900C120C7 /* Trip.m in Sources */,
				04C7C2DD17E4C069001A9981 /* RegionZoomData.m in Sources */,
				04C7C2D217E4BC54001A9981 /* BusStop.m in Sources */,
				04C7C2D317E4BC54001A9981 /* BusRoute.m in Sources */,
				04C7C2CB17E4BB6B001A9981 /* DataReader.m in Sources */,
				04E9588717F6340900DD72AD /* AFURLConnectionOperation.m in Sources */,
				04C7C28617E3D7D9001A9981 /* main.m in Sources */,
				04E9588917F6340900DD72AD /* UIImageView+AFNetworking.m in Sources */,
				04E9588117F6340900DD72AD /* AFHTTPClient.m in Sources */,
				0419021F180082C500D79040 /* MyRoute.m in Sources */,
				04C06E3517F7347F00C120C7 /* Stop.m in Sources */,
				04B9202417F396C50063E384 /* WebApiInterface.m in Sources */,
				04C7C28A17E3D7D9001A9981 /* AppDelegate.m in Sources */,
				04602CE617EF809E002BE30D /* LoadingScreenViewController.m in Sources */,
				04C7C29317E3D7D9001A9981 /* ViewController.m in Sources */,
				04E9588217F6340900DD72AD /* AFHTTPRequestOperation.m in Sources */,
				04C06E3B17F734B900C120C7 /* Route.m in Sources */,
				04C7C2A017E3DFC3001A9981 /* MenuViewController.m in Sources */,
				04E9588617F6340900DD72AD /* AFPropertyListRequestOperation.m in Sources */,
				0447EBE617FA519600A91D60 /* TableCell.m in Sources */,
				04E9588317F6340900DD72AD /* AFImageRequestOperation.m in Sources */,
				04C7C2A417E3E383001A9981 /* BustedNavigationController.m in Sources */,
				04E9588417F6340900DD72AD /* AFJSONRequestOperation.m in Sources */,
				04C7C2AE17E3E9C5001A9981 /* RoutesViewController.m in Sources */,
				04C7C2B217E48B8D001A9981 /* ParentViewController.m in Sources */,
				04C7C2B617E49CD5001A9981 /* TrackViewController.m in Sources */,
				041915A517F72C9100E68CC2 /* DataModel.xcdatamodeld in Sources */,
				04E9588817F6340900DD72AD /* AFXMLRequestOperation.m in Sources */,
				04C7C2C117E4A1B9001A9981 /* MapViewController.m in Sources */,
				041902731800F40700D79040 /* TLTransitionAnimator.m in Sources */,
				04C7C2EF17E51BC9001A9981 /* BusRoutesCollectionViewController.m in Sources */,
				04C7C2F317E53B8E001A9981 /* Bus.m in Sources */,
				04602CF217EFCE0D002BE30D /* FavoritesViewController.m in Sources */,
				04602CE017EF6BBB002BE30D /* Reachability.m in Sources */,
				04C56766181742D500D04131 /* FavoriteCell.m in Sources */,
				0447EBDE17FA4A5B00A91D60 /* StopDisplayViewController.m in Sources */,
				041FACBA17FBA967004F21EF /* Routes.m in Sources */,
				048F13A917ED10E90011ABC7 /* BusRouteViewCell.m in Sources */,
				04E9588517F6340900DD72AD /* AFNetworkActivityIndicatorManager.m in Sources */,
			);
			runOnlyForDeploymentPostprocessing = 0;
		};
/* End PBXSourcesBuildPhase section */

/* Begin PBXVariantGroup section */
		04C7C28217E3D7D9001A9981 /* InfoPlist.strings */ = {
			isa = PBXVariantGroup;
			children = (
				04C7C28317E3D7D9001A9981 /* en */,
			);
			name = InfoPlist.strings;
			sourceTree = "<group>";
		};
		04C7C29417E3D7D9001A9981 /* ViewController.xib */ = {
			isa = PBXVariantGroup;
			children = (
				04C7C29517E3D7D9001A9981 /* en */,
			);
			name = ViewController.xib;
			sourceTree = "<group>";
		};
/* End PBXVariantGroup section */

/* Begin XCBuildConfiguration section */
		04C7C29717E3D7D9001A9981 /* Debug */ = {
			isa = XCBuildConfiguration;
			buildSettings = {
				ALWAYS_SEARCH_USER_PATHS = NO;
				CLANG_CXX_LANGUAGE_STANDARD = "gnu++0x";
				CLANG_CXX_LIBRARY = "libc++";
				CLANG_WARN_CONSTANT_CONVERSION = YES;
				CLANG_WARN_EMPTY_BODY = YES;
				CLANG_WARN_ENUM_CONVERSION = YES;
				CLANG_WARN_INT_CONVERSION = YES;
				CLANG_WARN__DUPLICATE_METHOD_MATCH = YES;
				"CODE_SIGN_IDENTITY[sdk=iphoneos*]" = "iPhone Developer";
				COPY_PHASE_STRIP = NO;
				GCC_C_LANGUAGE_STANDARD = gnu99;
				GCC_DYNAMIC_NO_PIC = NO;
				GCC_OPTIMIZATION_LEVEL = 0;
				GCC_PREPROCESSOR_DEFINITIONS = (
					"DEBUG=1",
					"$(inherited)",
				);
				GCC_SYMBOLS_PRIVATE_EXTERN = NO;
				GCC_WARN_ABOUT_RETURN_TYPE = YES;
				GCC_WARN_UNINITIALIZED_AUTOS = YES;
				GCC_WARN_UNUSED_VARIABLE = YES;
				IPHONEOS_DEPLOYMENT_TARGET = 6.1;
				ONLY_ACTIVE_ARCH = YES;
				SDKROOT = iphoneos;
			};
			name = Debug;
		};
		04C7C29817E3D7D9001A9981 /* Release */ = {
			isa = XCBuildConfiguration;
			buildSettings = {
				ALWAYS_SEARCH_USER_PATHS = NO;
				CLANG_CXX_LANGUAGE_STANDARD = "gnu++0x";
				CLANG_CXX_LIBRARY = "libc++";
				CLANG_WARN_CONSTANT_CONVERSION = YES;
				CLANG_WARN_EMPTY_BODY = YES;
				CLANG_WARN_ENUM_CONVERSION = YES;
				CLANG_WARN_INT_CONVERSION = YES;
				CLANG_WARN__DUPLICATE_METHOD_MATCH = YES;
				"CODE_SIGN_IDENTITY[sdk=iphoneos*]" = "iPhone Developer";
				COPY_PHASE_STRIP = YES;
				GCC_C_LANGUAGE_STANDARD = gnu99;
				GCC_WARN_ABOUT_RETURN_TYPE = YES;
				GCC_WARN_UNINITIALIZED_AUTOS = YES;
				GCC_WARN_UNUSED_VARIABLE = YES;
				IPHONEOS_DEPLOYMENT_TARGET = 6.1;
				OTHER_CFLAGS = "-DNS_BLOCK_ASSERTIONS=1";
				SDKROOT = iphoneos;
				VALIDATE_PRODUCT = YES;
			};
			name = Release;
		};
		04C7C29A17E3D7D9001A9981 /* Debug */ = {
			isa = XCBuildConfiguration;
			buildSettings = {
				CODE_SIGN_IDENTITY = "iPhone Developer";
				FRAMEWORK_SEARCH_PATHS = (
					"$(inherited)",
					"\"$(SRCROOT)\"",
				);
				GCC_PRECOMPILE_PREFIX_HEADER = YES;
				GCC_PREFIX_HEADER = "Busted/Busted-Prefix.pch";
				INFOPLIST_FILE = "Busted/Busted-Info.plist";
				IPHONEOS_DEPLOYMENT_TARGET = 6.0;
				LIBRARY_SEARCH_PATHS = (
					"$(inherited)",
					"\"$(SRCROOT)\"",
				);
				PRODUCT_NAME = "$(TARGET_NAME)";
				PROVISIONING_PROFILE = "";
				WRAPPER_EXTENSION = app;
			};
			name = Debug;
		};
		04C7C29B17E3D7D9001A9981 /* Release */ = {
			isa = XCBuildConfiguration;
			buildSettings = {
				CODE_SIGN_IDENTITY = "iPhone Distribution";
				"CODE_SIGN_IDENTITY[sdk=iphoneos*]" = "iPhone Distribution";
				FRAMEWORK_SEARCH_PATHS = (
					"$(inherited)",
					"\"$(SRCROOT)\"",
				);
				GCC_PRECOMPILE_PREFIX_HEADER = YES;
				GCC_PREFIX_HEADER = "Busted/Busted-Prefix.pch";
				INFOPLIST_FILE = "Busted/Busted-Info.plist";
				IPHONEOS_DEPLOYMENT_TARGET = 6.0;
				LIBRARY_SEARCH_PATHS = (
					"$(inherited)",
					"\"$(SRCROOT)\"",
				);
				PRODUCT_NAME = "$(TARGET_NAME)";
				PROVISIONING_PROFILE = "";
				"PROVISIONING_PROFILE[sdk=iphoneos*]" = "8E5EA592-3B69-4BCC-A6F7-BA3EA11417A8";
				WRAPPER_EXTENSION = app;
			};
			name = Release;
		};
/* End XCBuildConfiguration section */

/* Begin XCConfigurationList section */
		04C7C27117E3D7D9001A9981 /* Build configuration list for PBXProject "Busted" */ = {
			isa = XCConfigurationList;
			buildConfigurations = (
				04C7C29717E3D7D9001A9981 /* Debug */,
				04C7C29817E3D7D9001A9981 /* Release */,
			);
			defaultConfigurationIsVisible = 0;
			defaultConfigurationName = Release;
		};
		04C7C29917E3D7D9001A9981 /* Build configuration list for PBXNativeTarget "Busted" */ = {
			isa = XCConfigurationList;
			buildConfigurations = (
				04C7C29A17E3D7D9001A9981 /* Debug */,
				04C7C29B17E3D7D9001A9981 /* Release */,
			);
			defaultConfigurationIsVisible = 0;
			defaultConfigurationName = Release;
		};
/* End XCConfigurationList section */

/* Begin XCVersionGroup section */
		041915A317F72C9100E68CC2 /* DataModel.xcdatamodeld */ = {
			isa = XCVersionGroup;
			children = (
				041915A417F72C9100E68CC2 /* DataModel.xcdatamodel */,
			);
			currentVersion = 041915A417F72C9100E68CC2 /* DataModel.xcdatamodel */;
			path = DataModel.xcdatamodeld;
			sourceTree = "<group>";
			versionGroupType = wrapper.xcdatamodel;
		};
/* End XCVersionGroup section */
	};
	rootObject = 04C7C26E17E3D7D9001A9981 /* Project object */;
}
