// !$*UTF8*$!
{
	archiveVersion = 1;
	classes = {
	};
	objectVersion = 46;
	objects = {

/* Begin PBXBuildFile section */
		04C7C27A17E3D7D9001A9981 /* UIKit.framework in Frameworks */ = {isa = PBXBuildFile; fileRef = 04C7C27917E3D7D9001A9981 /* UIKit.framework */; };
		04C7C27C17E3D7D9001A9981 /* Foundation.framework in Frameworks */ = {isa = PBXBuildFile; fileRef = 04C7C27B17E3D7D9001A9981 /* Foundation.framework */; };
		04C7C27E17E3D7D9001A9981 /* CoreGraphics.framework in Frameworks */ = {isa = PBXBuildFile; fileRef = 04C7C27D17E3D7D9001A9981 /* CoreGraphics.framework */; };
		04C7C28417E3D7D9001A9981 /* InfoPlist.strings in Resources */ = {isa = PBXBuildFile; fileRef = 04C7C28217E3D7D9001A9981 /* InfoPlist.strings */; };
		04C7C28617E3D7D9001A9981 /* main.m in Sources */ = {isa = PBXBuildFile; fileRef = 04C7C28517E3D7D9001A9981 /* main.m */; };
		04C7C28A17E3D7D9001A9981 /* AppDelegate.m in Sources */ = {isa = PBXBuildFile; fileRef = 04C7C28917E3D7D9001A9981 /* AppDelegate.m */; };
		04C7C28C17E3D7D9001A9981 /* Default.png in Resources */ = {isa = PBXBuildFile; fileRef = 04C7C28B17E3D7D9001A9981 /* Default.png */; };
		04C7C28E17E3D7D9001A9981 /* Default@2x.png in Resources */ = {isa = PBXBuildFile; fileRef = 04C7C28D17E3D7D9001A9981 /* Default@2x.png */; };
		04C7C29017E3D7D9001A9981 /* Default-568h@2x.png in Resources */ = {isa = PBXBuildFile; fileRef = 04C7C28F17E3D7D9001A9981 /* Default-568h@2x.png */; };
		04C7C29317E3D7D9001A9981 /* ViewController.m in Sources */ = {isa = PBXBuildFile; fileRef = 04C7C29217E3D7D9001A9981 /* ViewController.m */; };
		04C7C29617E3D7D9001A9981 /* ViewController.xib in Resources */ = {isa = PBXBuildFile; fileRef = 04C7C29417E3D7D9001A9981 /* ViewController.xib */; };
/* End PBXBuildFile section */

/* Begin PBXFileReference section */
		04C7C27617E3D7D9001A9981 /* Busted.app */ = {isa = PBXFileReference; explicitFileType = wrapper.application; includeInIndex = 0; path = Busted.app; sourceTree = BUILT_PRODUCTS_DIR; };
		04C7C27917E3D7D9001A9981 /* UIKit.framework */ = {isa = PBXFileReference; lastKnownFileType = wrapper.framework; name = UIKit.framework; path = System/Library/Frameworks/UIKit.framework; sourceTree = SDKROOT; };
		04C7C27B17E3D7D9001A9981 /* Foundation.framework */ = {isa = PBXFileReference; lastKnownFileType = wrapper.framework; name = Foundation.framework; path = System/Library/Frameworks/Foundation.framework; sourceTree = SDKROOT; };
		04C7C27D17E3D7D9001A9981 /* CoreGraphics.framework */ = {isa = PBXFileReference; lastKnownFileType = wrapper.framework; name = CoreGraphics.framework; path = System/Library/Frameworks/CoreGraphics.framework; sourceTree = SDKROOT; };
		04C7C28117E3D7D9001A9981 /* Busted-Info.plist */ = {isa = PBXFileReference; lastKnownFileType = text.plist.xml; path = "Busted-Info.plist"; sourceTree = "<group>"; };
		04C7C28317E3D7D9001A9981 /* en */ = {isa = PBXFileReference; lastKnownFileType = text.plist.strings; name = en; path = en.lproj/InfoPlist.strings; sourceTree = "<group>"; };
		04C7C28517E3D7D9001A9981 /* main.m */ = {isa = PBXFileReference; lastKnownFileType = sourcecode.c.objc; path = main.m; sourceTree = "<group>"; };
		04C7C28717E3D7D9001A9981 /* Busted-Prefix.pch */ = {isa = PBXFileReference; lastKnownFileType = sourcecode.c.h; path = "Busted-Prefix.pch"; sourceTree = "<group>"; };
		04C7C28817E3D7D9001A9981 /* AppDelegate.h */ = {isa = PBXFileReference; lastKnownFileType = sourcecode.c.h; path = AppDelegate.h; sourceTree = "<group>"; };
		04C7C28917E3D7D9001A9981 /* AppDelegate.m */ = {isa = PBXFileReference; lastKnownFileType = sourcecode.c.objc; path = AppDelegate.m; sourceTree = "<group>"; };
		04C7C28B17E3D7D9001A9981 /* Default.png */ = {isa = PBXFileReference; lastKnownFileType = image.png; path = Default.png; sourceTree = "<group>"; };
		04C7C28D17E3D7D9001A9981 /* Default@2x.png */ = {isa = PBXFileReference; lastKnownFileType = image.png; path = "Default@2x.png"; sourceTree = "<group>"; };
		04C7C28F17E3D7D9001A9981 /* Default-568h@2x.png */ = {isa = PBXFileReference; lastKnownFileType = image.png; path = "Default-568h@2x.png"; sourceTree = "<group>"; };
		04C7C29117E3D7D9001A9981 /* ViewController.h */ = {isa = PBXFileReference; lastKnownFileType = sourcecode.c.h; path = ViewController.h; sourceTree = "<group>"; };
		04C7C29217E3D7D9001A9981 /* ViewController.m */ = {isa = PBXFileReference; lastKnownFileType = sourcecode.c.objc; path = ViewController.m; sourceTree = "<group>"; };
		04C7C29517E3D7D9001A9981 /* en */ = {isa = PBXFileReference; lastKnownFileType = file.xib; name = en; path = en.lproj/ViewController.xib; sourceTree = "<group>"; };
/* End PBXFileReference section */

/* Begin PBXFrameworksBuildPhase section */
		04C7C27317E3D7D9001A9981 /* Frameworks */ = {
			isa = PBXFrameworksBuildPhase;
			buildActionMask = 2147483647;
			files = (
				04C7C27A17E3D7D9001A9981 /* UIKit.framework in Frameworks */,
				04C7C27C17E3D7D9001A9981 /* Foundation.framework in Frameworks */,
				04C7C27E17E3D7D9001A9981 /* CoreGraphics.framework in Frameworks */,
			);
			runOnlyForDeploymentPostprocessing = 0;
		};
/* End PBXFrameworksBuildPhase section */

/* Begin PBXGroup section */
		04C7C26D17E3D7D9001A9981 = {
			isa = PBXGroup;
			children = (
				04C7C27F17E3D7D9001A9981 /* Busted */,
				04C7C27817E3D7D9001A9981 /* Frameworks */,
				04C7C27717E3D7D9001A9981 /* Products */,
			);
			sourceTree = "<group>";
		};
		04C7C27717E3D7D9001A9981 /* Products */ = {
			isa = PBXGroup;
			children = (
				04C7C27617E3D7D9001A9981 /* Busted.app */,
			);
			name = Products;
			sourceTree = "<group>";
		};
		04C7C27817E3D7D9001A9981 /* Frameworks */ = {
			isa = PBXGroup;
			children = (
				04C7C27917E3D7D9001A9981 /* UIKit.framework */,
				04C7C27B17E3D7D9001A9981 /* Foundation.framework */,
				04C7C27D17E3D7D9001A9981 /* CoreGraphics.framework */,
			);
			name = Frameworks;
			sourceTree = "<group>";
		};
		04C7C27F17E3D7D9001A9981 /* Busted */ = {
			isa = PBXGroup;
			children = (
				04C7C28817E3D7D9001A9981 /* AppDelegate.h */,
				04C7C28917E3D7D9001A9981 /* AppDelegate.m */,
				04C7C29117E3D7D9001A9981 /* ViewController.h */,
				04C7C29217E3D7D9001A9981 /* ViewController.m */,
				04C7C29417E3D7D9001A9981 /* ViewController.xib */,
				04C7C28017E3D7D9001A9981 /* Supporting Files */,
			);
			path = Busted;
			sourceTree = "<group>";
		};
		04C7C28017E3D7D9001A9981 /* Supporting Files */ = {
			isa = PBXGroup;
			children = (
				04C7C28117E3D7D9001A9981 /* Busted-Info.plist */,
				04C7C28217E3D7D9001A9981 /* InfoPlist.strings */,
				04C7C28517E3D7D9001A9981 /* main.m */,
				04C7C28717E3D7D9001A9981 /* Busted-Prefix.pch */,
				04C7C28B17E3D7D9001A9981 /* Default.png */,
				04C7C28D17E3D7D9001A9981 /* Default@2x.png */,
				04C7C28F17E3D7D9001A9981 /* Default-568h@2x.png */,
			);
			name = "Supporting Files";
			sourceTree = "<group>";
		};
/* End PBXGroup section */

/* Begin PBXNativeTarget section */
		04C7C27517E3D7D9001A9981 /* Busted */ = {
			isa = PBXNativeTarget;
			buildConfigurationList = 04C7C29917E3D7D9001A9981 /* Build configuration list for PBXNativeTarget "Busted" */;
			buildPhases = (
				04C7C27217E3D7D9001A9981 /* Sources */,
				04C7C27317E3D7D9001A9981 /* Frameworks */,
				04C7C27417E3D7D9001A9981 /* Resources */,
			);
			buildRules = (
			);
			dependencies = (
			);
			name = Busted;
			productName = Busted;
			productReference = 04C7C27617E3D7D9001A9981 /* Busted.app */;
			productType = "com.apple.product-type.application";
		};
/* End PBXNativeTarget section */

/* Begin PBXProject section */
		04C7C26E17E3D7D9001A9981 /* Project object */ = {
			isa = PBXProject;
			attributes = {
				LastUpgradeCheck = 0460;
				ORGANIZATIONNAME = "Aaron Eisses";
			};
			buildConfigurationList = 04C7C27117E3D7D9001A9981 /* Build configuration list for PBXProject "Busted" */;
			compatibilityVersion = "Xcode 3.2";
			developmentRegion = English;
			hasScannedForEncodings = 0;
			knownRegions = (
				en,
			);
			mainGroup = 04C7C26D17E3D7D9001A9981;
			productRefGroup = 04C7C27717E3D7D9001A9981 /* Products */;
			projectDirPath = "";
			projectRoot = "";
			targets = (
				04C7C27517E3D7D9001A9981 /* Busted */,
			);
		};
/* End PBXProject section */

/* Begin PBXResourcesBuildPhase section */
		04C7C27417E3D7D9001A9981 /* Resources */ = {
			isa = PBXResourcesBuildPhase;
			buildActionMask = 2147483647;
			files = (
				04C7C28417E3D7D9001A9981 /* InfoPlist.strings in Resources */,
				04C7C28C17E3D7D9001A9981 /* Default.png in Resources */,
				04C7C28E17E3D7D9001A9981 /* Default@2x.png in Resources */,
				04C7C29017E3D7D9001A9981 /* Default-568h@2x.png in Resources */,
				04C7C29617E3D7D9001A9981 /* ViewController.xib in Resources */,
			);
			runOnlyForDeploymentPostprocessing = 0;
		};
/* End PBXResourcesBuildPhase section */

/* Begin PBXSourcesBuildPhase section */
		04C7C27217E3D7D9001A9981 /* Sources */ = {
			isa = PBXSourcesBuildPhase;
			buildActionMask = 2147483647;
			files = (
				04C7C28617E3D7D9001A9981 /* main.m in Sources */,
				04C7C28A17E3D7D9001A9981 /* AppDelegate.m in Sources */,
				04C7C29317E3D7D9001A9981 /* ViewController.m in Sources */,
			);
			runOnlyForDeploymentPostprocessing = 0;
		};
/* End PBXSourcesBuildPhase section */

/* Begin PBXVariantGroup section */
		04C7C28217E3D7D9001A9981 /* InfoPlist.strings */ = {
			isa = PBXVariantGroup;
			children = (
				04C7C28317E3D7D9001A9981 /* en */,
			);
			name = InfoPlist.strings;
			sourceTree = "<group>";
		};
		04C7C29417E3D7D9001A9981 /* ViewController.xib */ = {
			isa = PBXVariantGroup;
			children = (
				04C7C29517E3D7D9001A9981 /* en */,
			);
			name = ViewController.xib;
			sourceTree = "<group>";
		};
/* End PBXVariantGroup section */

/* Begin XCBuildConfiguration section */
		04C7C29717E3D7D9001A9981 /* Debug */ = {
			isa = XCBuildConfiguration;
			buildSettings = {
				ALWAYS_SEARCH_USER_PATHS = NO;
				CLANG_CXX_LANGUAGE_STANDARD = "gnu++0x";
				CLANG_CXX_LIBRARY = "libc++";
				CLANG_WARN_CONSTANT_CONVERSION = YES;
				CLANG_WARN_EMPTY_BODY = YES;
				CLANG_WARN_ENUM_CONVERSION = YES;
				CLANG_WARN_INT_CONVERSION = YES;
				CLANG_WARN__DUPLICATE_METHOD_MATCH = YES;
				"CODE_SIGN_IDENTITY[sdk=iphoneos*]" = "iPhone Developer";
				COPY_PHASE_STRIP = NO;
				GCC_C_LANGUAGE_STANDARD = gnu99;
				GCC_DYNAMIC_NO_PIC = NO;
				GCC_OPTIMIZATION_LEVEL = 0;
				GCC_PREPROCESSOR_DEFINITIONS = (
					"DEBUG=1",
					"$(inherited)",
				);
				GCC_SYMBOLS_PRIVATE_EXTERN = NO;
				GCC_WARN_ABOUT_RETURN_TYPE = YES;
				GCC_WARN_UNINITIALIZED_AUTOS = YES;
				GCC_WARN_UNUSED_VARIABLE = YES;
				IPHONEOS_DEPLOYMENT_TARGET = 6.1;
				ONLY_ACTIVE_ARCH = YES;
				SDKROOT = iphoneos;
			};
			name = Debug;
		};
		04C7C29817E3D7D9001A9981 /* Release */ = {
			isa = XCBuildConfiguration;
			buildSettings = {
				ALWAYS_SEARCH_USER_PATHS = NO;
				CLANG_CXX_LANGUAGE_STANDARD = "gnu++0x";
				CLANG_CXX_LIBRARY = "libc++";
				CLANG_WARN_CONSTANT_CONVERSION = YES;
				CLANG_WARN_EMPTY_BODY = YES;
				CLANG_WARN_ENUM_CONVERSION = YES;
				CLANG_WARN_INT_CONVERSION = YES;
				CLANG_WARN__DUPLICATE_METHOD_MATCH = YES;
				"CODE_SIGN_IDENTITY[sdk=iphoneos*]" = "iPhone Developer";
				COPY_PHASE_STRIP = YES;
				GCC_C_LANGUAGE_STANDARD = gnu99;
				GCC_WARN_ABOUT_RETURN_TYPE = YES;
				GCC_WARN_UNINITIALIZED_AUTOS = YES;
				GCC_WARN_UNUSED_VARIABLE = YES;
				IPHONEOS_DEPLOYMENT_TARGET = 6.1;
				OTHER_CFLAGS = "-DNS_BLOCK_ASSERTIONS=1";
				SDKROOT = iphoneos;
				VALIDATE_PRODUCT = YES;
			};
			name = Release;
		};
		04C7C29A17E3D7D9001A9981 /* Debug */ = {
			isa = XCBuildConfiguration;
			buildSettings = {
				GCC_PRECOMPILE_PREFIX_HEADER = YES;
				GCC_PREFIX_HEADER = "Busted/Busted-Prefix.pch";
				INFOPLIST_FILE = "Busted/Busted-Info.plist";
				PRODUCT_NAME = "$(TARGET_NAME)";
				WRAPPER_EXTENSION = app;
			};
			name = Debug;
		};
		04C7C29B17E3D7D9001A9981 /* Release */ = {
			isa = XCBuildConfiguration;
			buildSettings = {
				GCC_PRECOMPILE_PREFIX_HEADER = YES;
				GCC_PREFIX_HEADER = "Busted/Busted-Prefix.pch";
				INFOPLIST_FILE = "Busted/Busted-Info.plist";
				PRODUCT_NAME = "$(TARGET_NAME)";
				WRAPPER_EXTENSION = app;
			};
			name = Release;
		};
/* End XCBuildConfiguration section */

/* Begin XCConfigurationList section */
		04C7C27117E3D7D9001A9981 /* Build configuration list for PBXProject "Busted" */ = {
			isa = XCConfigurationList;
			buildConfigurations = (
				04C7C29717E3D7D9001A9981 /* Debug */,
				04C7C29817E3D7D9001A9981 /* Release */,
			);
			defaultConfigurationIsVisible = 0;
			defaultConfigurationName = Release;
		};
		04C7C29917E3D7D9001A9981 /* Build configuration list for PBXNativeTarget "Busted" */ = {
			isa = XCConfigurationList;
			buildConfigurations = (
				04C7C29A17E3D7D9001A9981 /* Debug */,
				04C7C29B17E3D7D9001A9981 /* Release */,
			);
			defaultConfigurationIsVisible = 0;
		};
/* End XCConfigurationList section */
	};
	rootObject = 04C7C26E17E3D7D9001A9981 /* Project object */;
}
